// !$*UTF8*$!
{
	archiveVersion = 1;
	classes = {
	};
	objectVersion = 46;
	objects = {

/* Begin PBXBuildFile section */
		24E00EBD1B71EDB6009555DE /* main.m in Sources */ = {isa = PBXBuildFile; fileRef = 24E00EBC1B71EDB6009555DE /* main.m */; };
		24E00EC51B71EF3E009555DE /* TestBase.m in Sources */ = {isa = PBXBuildFile; fileRef = 24E00EC41B71EF3E009555DE /* TestBase.m */; };
/* End PBXBuildFile section */

/* Begin PBXCopyFilesBuildPhase section */
		24E00EB71B71EDB6009555DE /* CopyFiles */ = {
			isa = PBXCopyFilesBuildPhase;
			buildActionMask = 2147483647;
			dstPath = /usr/share/man/man1/;
			dstSubfolderSpec = 0;
			files = (
			);
			runOnlyForDeploymentPostprocessing = 1;
		};
/* End PBXCopyFilesBuildPhase section */

/* Begin PBXFileReference section */
		24E00EB91B71EDB6009555DE /* ios82_oc_2 */ = {isa = PBXFileReference; explicitFileType = "compiled.mach-o.executable"; includeInIndex = 0; path = ios82_oc_2; sourceTree = BUILT_PRODUCTS_DIR; };
		24E00EBC1B71EDB6009555DE /* main.m */ = {isa = PBXFileReference; lastKnownFileType = sourcecode.c.objc; path = main.m; sourceTree = "<group>"; };
		24E00EC31B71EF3E009555DE /* TestBase.h */ = {isa = PBXFileReference; fileEncoding = 4; lastKnownFileType = sourcecode.c.h; path = TestBase.h; sourceTree = "<group>"; };
		24E00EC41B71EF3E009555DE /* TestBase.m */ = {isa = PBXFileReference; fileEncoding = 4; lastKnownFileType = sourcecode.c.objc; path = TestBase.m; sourceTree = "<group>"; };
/* End PBXFileReference section */

/* Begin PBXFrameworksBuildPhase section */
		24E00EB61B71EDB6009555DE /* Frameworks */ = {
			isa = PBXFrameworksBuildPhase;
			buildActionMask = 2147483647;
			files = (
			);
			runOnlyForDeploymentPostprocessing = 0;
		};
/* End PBXFrameworksBuildPhase section */

/* Begin PBXGroup section */
		24E00EB01B71EDB6009555DE = {
			isa = PBXGroup;
			children = (
				24E00EBB1B71EDB6009555DE /* ios82_oc_2 */,
				24E00EBA1B71EDB6009555DE /* Products */,
			);
			sourceTree = "<group>";
		};
		24E00EBA1B71EDB6009555DE /* Products */ = {
			isa = PBXGroup;
			children = (
				24E00EB91B71EDB6009555DE /* ios82_oc_2 */,
			);
			name = Products;
			sourceTree = "<group>";
		};
		24E00EBB1B71EDB6009555DE /* ios82_oc_2 */ = {
			isa = PBXGroup;
			children = (
				24E00EBC1B71EDB6009555DE /* main.m */,
				24E00EC31B71EF3E009555DE /* TestBase.h */,
				24E00EC41B71EF3E009555DE /* TestBase.m */,
			);
			path = ios82_oc_2;
			sourceTree = "<group>";
		};
/* End PBXGroup section */

/* Begin PBXNativeTarget section */
		24E00EB81B71EDB6009555DE /* ios82_oc_2 */ = {
			isa = PBXNativeTarget;
			buildConfigurationList = 24E00EC01B71EDB6009555DE /* Build configuration list for PBXNativeTarget "ios82_oc_2" */;
			buildPhases = (
				24E00EB51B71EDB6009555DE /* Sources */,
				24E00EB61B71EDB6009555DE /* Frameworks */,
				24E00EB71B71EDB6009555DE /* CopyFiles */,
			);
			buildRules = (
			);
			dependencies = (
			);
			name = ios82_oc_2;
			productName = ios82_oc_2;
			productReference = 24E00EB91B71EDB6009555DE /* ios82_oc_2 */;
			productType = "com.apple.product-type.tool";
		};
/* End PBXNativeTarget section */

/* Begin PBXProject section */
		24E00EB11B71EDB6009555DE /* Project object */ = {
			isa = PBXProject;
			attributes = {
				LastUpgradeCheck = 0640;
				ORGANIZATIONNAME = KanaanAusten;
				TargetAttributes = {
					24E00EB81B71EDB6009555DE = {
						CreatedOnToolsVersion = 6.4;
					};
				};
			};
			buildConfigurationList = 24E00EB41B71EDB6009555DE /* Build configuration list for PBXProject "ios82_oc_2" */;
			compatibilityVersion = "Xcode 3.2";
			developmentRegion = English;
			hasScannedForEncodings = 0;
			knownRegions = (
				en,
			);
			mainGroup = 24E00EB01B71EDB6009555DE;
			productRefGroup = 24E00EBA1B71EDB6009555DE /* Products */;
			projectDirPath = "";
			projectRoot = "";
			targets = (
				24E00EB81B71EDB6009555DE /* ios82_oc_2 */,
			);
		};
/* End PBXProject section */

/* Begin PBXSourcesBuildPhase section */
		24E00EB51B71EDB6009555DE /* Sources */ = {
			isa = PBXSourcesBuildPhase;
			buildActionMask = 2147483647;
			files = (
				24E00EC51B71EF3E009555DE /* TestBase.m in Sources */,
				24E00EBD1B71EDB6009555DE /* main.m in Sources */,
			);
			runOnlyForDeploymentPostprocessing = 0;
		};
/* End PBXSourcesBuildPhase section */

/* Begin XCBuildConfiguration section */
		24E00EBE1B71EDB6009555DE /* Debug */ = {
			isa = XCBuildConfiguration;
			buildSettings = {
				ALWAYS_SEARCH_USER_PATHS = NO;
				CLANG_CXX_LANGUAGE_STANDARD = "gnu++0x";
				CLANG_CXX_LIBRARY = "libc++";
				CLANG_ENABLE_MODULES = YES;
				CLANG_ENABLE_OBJC_ARC = YES;
				CLANG_WARN_BOOL_CONVERSION = YES;
				CLANG_WARN_CONSTANT_CONVERSION = YES;
				CLANG_WARN_DIRECT_OBJC_ISA_USAGE = YES_ERROR;
				CLANG_WARN_EMPTY_BODY = YES;
				CLANG_WARN_ENUM_CONVERSION = YES;
				CLANG_WARN_INT_CONVERSION = YES;
				CLANG_WARN_OBJC_ROOT_CLASS = YES_ERROR;
				CLANG_WARN_UNREACHABLE_CODE = YES;
				CLANG_WARN__DUPLICATE_METHOD_MATCH = YES;
				COPY_PHASE_STRIP = NO;
				DEBUG_INFORMATION_FORMAT = dwarf;
				ENABLE_STRICT_OBJC_MSGSEND = YES;
				GCC_C_LANGUAGE_STANDARD = gnu99;
				GCC_DYNAMIC_NO_PIC = NO;
				GCC_NO_COMMON_BLOCKS = YES;
				GCC_OPTIMIZATION_LEVEL = 0;
				GCC_PREPROCESSOR_DEFINITIONS = (
					"DEBUG=1",
					"$(inherited)",
				);
				GCC_SYMBOLS_PRIVATE_EXTERN = NO;
				GCC_WARN_64_TO_32_BIT_CONVERSION = YES;
				GCC_WARN_ABOUT_RETURN_TYPE = YES_ERROR;
				GCC_WARN_UNDECLARED_SELECTOR = YES;
				GCC_WARN_UNINITIALIZED_AUTOS = YES_AGGRESSIVE;
				GCC_WARN_UNUSED_FUNCTION = YES;
				GCC_WARN_UNUSED_VARIABLE = YES;
				MACOSX_DEPLOYMENT_TARGET = 10.10;
				MTL_ENABLE_DEBUG_INFO = YES;
				ONLY_ACTIVE_ARCH = YES;
				SDKROOT = macosx;
			};
			name = Debug;
		};
		24E00EBF1B71EDB6009555DE /* Release */ = {
			isa = XCBuildConfiguration;
			buildSettings = {
				ALWAYS_SEARCH_USER_PATHS = NO;
				CLANG_CXX_LANGUAGE_STANDARD = "gnu++0x";
				CLANG_CXX_LIBRARY = "libc++";
				CLANG_ENABLE_MODULES = YES;
				CLANG_ENABLE_OBJC_ARC = YES;
				CLANG_WARN_BOOL_CONVERSION = YES;
				CLANG_WARN_CONSTANT_CONVERSION = YES;
				CLANG_WARN_DIRECT_OBJC_ISA_USAGE = YES_ERROR;
				CLANG_WARN_EMPTY_BODY = YES;
				CLANG_WARN_ENUM_CONVERSION = YES;
				CLANG_WARN_INT_CONVERSION = YES;
				CLANG_WARN_OBJC_ROOT_CLASS = YES_ERROR;
				CLANG_WARN_UNREACHABLE_CODE = YES;
				CLANG_WARN__DUPLICATE_METHOD_MATCH = YES;
				COPY_PHASE_STRIP = NO;
				DEBUG_INFORMATION_FORMAT = "dwarf-with-dsym";
				ENABLE_NS_ASSERTIONS = NO;
				ENABLE_STRICT_OBJC_MSGSEND = YES;
				GCC_C_LANGUAGE_STANDARD = gnu99;
				GCC_NO_COMMON_BLOCKS = YES;
				GCC_WARN_64_TO_32_BIT_CONVERSION = YES;
				GCC_WARN_ABOUT_RETURN_TYPE = YES_ERROR;
				GCC_WARN_UNDECLARED_SELECTOR = YES;
				GCC_WARN_UNINITIALIZED_AUTOS = YES_AGGRESSIVE;
				GCC_WARN_UNUSED_FUNCTION = YES;
				GCC_WARN_UNUSED_VARIABLE = YES;
				MACOSX_DEPLOYMENT_TARGET = 10.10;
				MTL_ENABLE_DEBUG_INFO = NO;
				SDKROOT = macosx;
			};
			name = Release;
		};
		24E00EC11B71EDB6009555DE /* Debug */ = {
			isa = XCBuildConfiguration;
			buildSettings = {
				PRODUCT_NAME = "$(TARGET_NAME)";
			};
			name = Debug;
		};
		24E00EC21B71EDB6009555DE /* Release */ = {
			isa = XCBuildConfiguration;
			buildSettings = {
				PRODUCT_NAME = "$(TARGET_NAME)";
			};
			name = Release;
		};
/* End XCBuildConfiguration section */

/* Begin XCConfigurationList section */
		24E00EB41B71EDB6009555DE /* Build configuration list for PBXProject "ios82_oc_2" */ = {
			isa = XCConfigurationList;
			buildConfigurations = (
				24E00EBE1B71EDB6009555DE /* Debug */,
				24E00EBF1B71EDB6009555DE /* Release */,
			);
			defaultConfigurationIsVisible = 0;
			defaultConfigurationName = Release;
		};
		24E00EC01B71EDB6009555DE /* Build configuration list for PBXNativeTarget "ios82_oc_2" */ = {
			isa = XCConfigurationList;
			buildConfigurations = (
				24E00EC11B71EDB6009555DE /* Debug */,
				24E00EC21B71EDB6009555DE /* Release */,
			);
			defaultConfigurationIsVisible = 0;
		};
/* End XCConfigurationList section */
	};
	rootObject = 24E00EB11B71EDB6009555DE /* Project object */;
}
