// !$*UTF8*$!
{
	archiveVersion = 1;
	classes = {
	};
	objectVersion = 46;
	objects = {

/* Begin PBXBuildFile section */
		2D59A1621BB8D08B00B917B2 /* main.m in Sources */ = {isa = PBXBuildFile; fileRef = 2D59A1611BB8D08B00B917B2 /* main.m */; };
		2D59A1651BB8D08B00B917B2 /* AppDelegate.m in Sources */ = {isa = PBXBuildFile; fileRef = 2D59A1641BB8D08B00B917B2 /* AppDelegate.m */; };
		2D59A1681BB8D08B00B917B2 /* ViewController.m in Sources */ = {isa = PBXBuildFile; fileRef = 2D59A1671BB8D08B00B917B2 /* ViewController.m */; };
		2D59A16B1BB8D08B00B917B2 /* Main.storyboard in Resources */ = {isa = PBXBuildFile; fileRef = 2D59A1691BB8D08B00B917B2 /* Main.storyboard */; };
		2D59A16D1BB8D08B00B917B2 /* Images.xcassets in Resources */ = {isa = PBXBuildFile; fileRef = 2D59A16C1BB8D08B00B917B2 /* Images.xcassets */; };
		2D59A1701BB8D08B00B917B2 /* LaunchScreen.xib in Resources */ = {isa = PBXBuildFile; fileRef = 2D59A16E1BB8D08B00B917B2 /* LaunchScreen.xib */; };
		2D59A17C1BB8D08B00B917B2 /* ios82_app_9_1Tests.m in Sources */ = {isa = PBXBuildFile; fileRef = 2D59A17B1BB8D08B00B917B2 /* ios82_app_9_1Tests.m */; };
		2D59A1861BB8D18700B917B2 /* MapKit.framework in Frameworks */ = {isa = PBXBuildFile; fileRef = 2D59A1851BB8D18700B917B2 /* MapKit.framework */; };
		2D59A1891BB8DFB300B917B2 /* Weibo.m in Sources */ = {isa = PBXBuildFile; fileRef = 2D59A1881BB8DFB300B917B2 /* Weibo.m */; };
		2D59A18B1BB8E4BE00B917B2 /* 1.png in Resources */ = {isa = PBXBuildFile; fileRef = 2D59A18A1BB8E4BE00B917B2 /* 1.png */; };
		2D59A18E1BB8E5D600B917B2 /* TableViewController.m in Sources */ = {isa = PBXBuildFile; fileRef = 2D59A18D1BB8E5D600B917B2 /* TableViewController.m */; };
/* End PBXBuildFile section */

/* Begin PBXContainerItemProxy section */
		2D59A1761BB8D08B00B917B2 /* PBXContainerItemProxy */ = {
			isa = PBXContainerItemProxy;
			containerPortal = 2D59A1541BB8D08B00B917B2 /* Project object */;
			proxyType = 1;
			remoteGlobalIDString = 2D59A15B1BB8D08B00B917B2;
			remoteInfo = ios82_app_9_1;
		};
/* End PBXContainerItemProxy section */

/* Begin PBXFileReference section */
		2D59A15C1BB8D08B00B917B2 /* ios82_app_9_1.app */ = {isa = PBXFileReference; explicitFileType = wrapper.application; includeInIndex = 0; path = ios82_app_9_1.app; sourceTree = BUILT_PRODUCTS_DIR; };
		2D59A1601BB8D08B00B917B2 /* Info.plist */ = {isa = PBXFileReference; lastKnownFileType = text.plist.xml; path = Info.plist; sourceTree = "<group>"; };
		2D59A1611BB8D08B00B917B2 /* main.m */ = {isa = PBXFileReference; lastKnownFileType = sourcecode.c.objc; path = main.m; sourceTree = "<group>"; };
		2D59A1631BB8D08B00B917B2 /* AppDelegate.h */ = {isa = PBXFileReference; lastKnownFileType = sourcecode.c.h; path = AppDelegate.h; sourceTree = "<group>"; };
		2D59A1641BB8D08B00B917B2 /* AppDelegate.m */ = {isa = PBXFileReference; lastKnownFileType = sourcecode.c.objc; path = AppDelegate.m; sourceTree = "<group>"; };
		2D59A1661BB8D08B00B917B2 /* ViewController.h */ = {isa = PBXFileReference; lastKnownFileType = sourcecode.c.h; path = ViewController.h; sourceTree = "<group>"; };
		2D59A1671BB8D08B00B917B2 /* ViewController.m */ = {isa = PBXFileReference; lastKnownFileType = sourcecode.c.objc; path = ViewController.m; sourceTree = "<group>"; };
		2D59A16A1BB8D08B00B917B2 /* Base */ = {isa = PBXFileReference; lastKnownFileType = file.storyboard; name = Base; path = Base.lproj/Main.storyboard; sourceTree = "<group>"; };
		2D59A16C1BB8D08B00B917B2 /* Images.xcassets */ = {isa = PBXFileReference; lastKnownFileType = folder.assetcatalog; path = Images.xcassets; sourceTree = "<group>"; };
		2D59A16F1BB8D08B00B917B2 /* Base */ = {isa = PBXFileReference; lastKnownFileType = file.xib; name = Base; path = Base.lproj/LaunchScreen.xib; sourceTree = "<group>"; };
		2D59A1751BB8D08B00B917B2 /* ios82_app_9_1Tests.xctest */ = {isa = PBXFileReference; explicitFileType = wrapper.cfbundle; includeInIndex = 0; path = ios82_app_9_1Tests.xctest; sourceTree = BUILT_PRODUCTS_DIR; };
		2D59A17A1BB8D08B00B917B2 /* Info.plist */ = {isa = PBXFileReference; lastKnownFileType = text.plist.xml; path = Info.plist; sourceTree = "<group>"; };
		2D59A17B1BB8D08B00B917B2 /* ios82_app_9_1Tests.m */ = {isa = PBXFileReference; lastKnownFileType = sourcecode.c.objc; path = ios82_app_9_1Tests.m; sourceTree = "<group>"; };
		2D59A1851BB8D18700B917B2 /* MapKit.framework */ = {isa = PBXFileReference; lastKnownFileType = wrapper.framework; name = MapKit.framework; path = System/Library/Frameworks/MapKit.framework; sourceTree = SDKROOT; };
		2D59A1871BB8DFB300B917B2 /* Weibo.h */ = {isa = PBXFileReference; fileEncoding = 4; lastKnownFileType = sourcecode.c.h; path = Weibo.h; sourceTree = "<group>"; };
		2D59A1881BB8DFB300B917B2 /* Weibo.m */ = {isa = PBXFileReference; fileEncoding = 4; lastKnownFileType = sourcecode.c.objc; path = Weibo.m; sourceTree = "<group>"; };
		2D59A18A1BB8E4BE00B917B2 /* 1.png */ = {isa = PBXFileReference; lastKnownFileType = image.png; path = 1.png; sourceTree = "<group>"; };
		2D59A18C1BB8E5D600B917B2 /* TableViewController.h */ = {isa = PBXFileReference; fileEncoding = 4; lastKnownFileType = sourcecode.c.h; path = TableViewController.h; sourceTree = "<group>"; };
		2D59A18D1BB8E5D600B917B2 /* TableViewController.m */ = {isa = PBXFileReference; fileEncoding = 4; lastKnownFileType = sourcecode.c.objc; path = TableViewController.m; sourceTree = "<group>"; };
/* End PBXFileReference section */

/* Begin PBXFrameworksBuildPhase section */
		2D59A1591BB8D08B00B917B2 /* Frameworks */ = {
			isa = PBXFrameworksBuildPhase;
			buildActionMask = 2147483647;
			files = (
				2D59A1861BB8D18700B917B2 /* MapKit.framework in Frameworks */,
			);
			runOnlyForDeploymentPostprocessing = 0;
		};
		2D59A1721BB8D08B00B917B2 /* Frameworks */ = {
			isa = PBXFrameworksBuildPhase;
			buildActionMask = 2147483647;
			files = (
			);
			runOnlyForDeploymentPostprocessing = 0;
		};
/* End PBXFrameworksBuildPhase section */

/* Begin PBXGroup section */
		2D59A1531BB8D08B00B917B2 = {
			isa = PBXGroup;
			children = (
				2D59A1851BB8D18700B917B2 /* MapKit.framework */,
				2D59A15E1BB8D08B00B917B2 /* ios82_app_9_1 */,
				2D59A1781BB8D08B00B917B2 /* ios82_app_9_1Tests */,
				2D59A15D1BB8D08B00B917B2 /* Products */,
			);
			sourceTree = "<group>";
		};
		2D59A15D1BB8D08B00B917B2 /* Products */ = {
			isa = PBXGroup;
			children = (
				2D59A15C1BB8D08B00B917B2 /* ios82_app_9_1.app */,
				2D59A1751BB8D08B00B917B2 /* ios82_app_9_1Tests.xctest */,
			);
			name = Products;
			sourceTree = "<group>";
		};
		2D59A15E1BB8D08B00B917B2 /* ios82_app_9_1 */ = {
			isa = PBXGroup;
			children = (
				2D59A1631BB8D08B00B917B2 /* AppDelegate.h */,
				2D59A1641BB8D08B00B917B2 /* AppDelegate.m */,
				2D59A1661BB8D08B00B917B2 /* ViewController.h */,
				2D59A1671BB8D08B00B917B2 /* ViewController.m */,
				2D59A18C1BB8E5D600B917B2 /* TableViewController.h */,
				2D59A18D1BB8E5D600B917B2 /* TableViewController.m */,
				2D59A18A1BB8E4BE00B917B2 /* 1.png */,
				2D59A1871BB8DFB300B917B2 /* Weibo.h */,
				2D59A1881BB8DFB300B917B2 /* Weibo.m */,
				2D59A1691BB8D08B00B917B2 /* Main.storyboard */,
				2D59A16C1BB8D08B00B917B2 /* Images.xcassets */,
				2D59A16E1BB8D08B00B917B2 /* LaunchScreen.xib */,
				2D59A15F1BB8D08B00B917B2 /* Supporting Files */,
			);
			path = ios82_app_9_1;
			sourceTree = "<group>";
		};
		2D59A15F1BB8D08B00B917B2 /* Supporting Files */ = {
			isa = PBXGroup;
			children = (
				2D59A1601BB8D08B00B917B2 /* Info.plist */,
				2D59A1611BB8D08B00B917B2 /* main.m */,
			);
			name = "Supporting Files";
			sourceTree = "<group>";
		};
		2D59A1781BB8D08B00B917B2 /* ios82_app_9_1Tests */ = {
			isa = PBXGroup;
			children = (
				2D59A17B1BB8D08B00B917B2 /* ios82_app_9_1Tests.m */,
				2D59A1791BB8D08B00B917B2 /* Supporting Files */,
			);
			path = ios82_app_9_1Tests;
			sourceTree = "<group>";
		};
		2D59A1791BB8D08B00B917B2 /* Supporting Files */ = {
			isa = PBXGroup;
			children = (
				2D59A17A1BB8D08B00B917B2 /* Info.plist */,
			);
			name = "Supporting Files";
			sourceTree = "<group>";
		};
/* End PBXGroup section */

/* Begin PBXNativeTarget section */
		2D59A15B1BB8D08B00B917B2 /* ios82_app_9_1 */ = {
			isa = PBXNativeTarget;
			buildConfigurationList = 2D59A17F1BB8D08B00B917B2 /* Build configuration list for PBXNativeTarget "ios82_app_9_1" */;
			buildPhases = (
				2D59A1581BB8D08B00B917B2 /* Sources */,
				2D59A1591BB8D08B00B917B2 /* Frameworks */,
				2D59A15A1BB8D08B00B917B2 /* Resources */,
			);
			buildRules = (
			);
			dependencies = (
			);
			name = ios82_app_9_1;
			productName = ios82_app_9_1;
			productReference = 2D59A15C1BB8D08B00B917B2 /* ios82_app_9_1.app */;
			productType = "com.apple.product-type.application";
		};
		2D59A1741BB8D08B00B917B2 /* ios82_app_9_1Tests */ = {
			isa = PBXNativeTarget;
			buildConfigurationList = 2D59A1821BB8D08B00B917B2 /* Build configuration list for PBXNativeTarget "ios82_app_9_1Tests" */;
			buildPhases = (
				2D59A1711BB8D08B00B917B2 /* Sources */,
				2D59A1721BB8D08B00B917B2 /* Frameworks */,
				2D59A1731BB8D08B00B917B2 /* Resources */,
			);
			buildRules = (
			);
			dependencies = (
				2D59A1771BB8D08B00B917B2 /* PBXTargetDependency */,
			);
			name = ios82_app_9_1Tests;
			productName = ios82_app_9_1Tests;
			productReference = 2D59A1751BB8D08B00B917B2 /* ios82_app_9_1Tests.xctest */;
			productType = "com.apple.product-type.bundle.unit-test";
		};
/* End PBXNativeTarget section */

/* Begin PBXProject section */
		2D59A1541BB8D08B00B917B2 /* Project object */ = {
			isa = PBXProject;
			attributes = {
				LastUpgradeCheck = 0640;
				ORGANIZATIONNAME = "博看文思";
				TargetAttributes = {
					2D59A15B1BB8D08B00B917B2 = {
						CreatedOnToolsVersion = 6.4;
					};
					2D59A1741BB8D08B00B917B2 = {
						CreatedOnToolsVersion = 6.4;
						TestTargetID = 2D59A15B1BB8D08B00B917B2;
					};
				};
			};
			buildConfigurationList = 2D59A1571BB8D08B00B917B2 /* Build configuration list for PBXProject "ios82_app_9_1" */;
			compatibilityVersion = "Xcode 3.2";
			developmentRegion = English;
			hasScannedForEncodings = 0;
			knownRegions = (
				en,
				Base,
			);
			mainGroup = 2D59A1531BB8D08B00B917B2;
			productRefGroup = 2D59A15D1BB8D08B00B917B2 /* Products */;
			projectDirPath = "";
			projectRoot = "";
			targets = (
				2D59A15B1BB8D08B00B917B2 /* ios82_app_9_1 */,
				2D59A1741BB8D08B00B917B2 /* ios82_app_9_1Tests */,
			);
		};
/* End PBXProject section */

/* Begin PBXResourcesBuildPhase section */
		2D59A15A1BB8D08B00B917B2 /* Resources */ = {
			isa = PBXResourcesBuildPhase;
			buildActionMask = 2147483647;
			files = (
				2D59A16B1BB8D08B00B917B2 /* Main.storyboard in Resources */,
				2D59A18B1BB8E4BE00B917B2 /* 1.png in Resources */,
				2D59A1701BB8D08B00B917B2 /* LaunchScreen.xib in Resources */,
				2D59A16D1BB8D08B00B917B2 /* Images.xcassets in Resources */,
			);
			runOnlyForDeploymentPostprocessing = 0;
		};
		2D59A1731BB8D08B00B917B2 /* Resources */ = {
			isa = PBXResourcesBuildPhase;
			buildActionMask = 2147483647;
			files = (
			);
			runOnlyForDeploymentPostprocessing = 0;
		};
/* End PBXResourcesBuildPhase section */

/* Begin PBXSourcesBuildPhase section */
		2D59A1581BB8D08B00B917B2 /* Sources */ = {
			isa = PBXSourcesBuildPhase;
			buildActionMask = 2147483647;
			files = (
				2D59A1891BB8DFB300B917B2 /* Weibo.m in Sources */,
				2D59A1681BB8D08B00B917B2 /* ViewController.m in Sources */,
				2D59A1651BB8D08B00B917B2 /* AppDelegate.m in Sources */,
				2D59A18E1BB8E5D600B917B2 /* TableViewController.m in Sources */,
				2D59A1621BB8D08B00B917B2 /* main.m in Sources */,
			);
			runOnlyForDeploymentPostprocessing = 0;
		};
		2D59A1711BB8D08B00B917B2 /* Sources */ = {
			isa = PBXSourcesBuildPhase;
			buildActionMask = 2147483647;
			files = (
				2D59A17C1BB8D08B00B917B2 /* ios82_app_9_1Tests.m in Sources */,
			);
			runOnlyForDeploymentPostprocessing = 0;
		};
/* End PBXSourcesBuildPhase section */

/* Begin PBXTargetDependency section */
		2D59A1771BB8D08B00B917B2 /* PBXTargetDependency */ = {
			isa = PBXTargetDependency;
			target = 2D59A15B1BB8D08B00B917B2 /* ios82_app_9_1 */;
			targetProxy = 2D59A1761BB8D08B00B917B2 /* PBXContainerItemProxy */;
		};
/* End PBXTargetDependency section */

/* Begin PBXVariantGroup section */
		2D59A1691BB8D08B00B917B2 /* Main.storyboard */ = {
			isa = PBXVariantGroup;
			children = (
				2D59A16A1BB8D08B00B917B2 /* Base */,
			);
			name = Main.storyboard;
			sourceTree = "<group>";
		};
		2D59A16E1BB8D08B00B917B2 /* LaunchScreen.xib */ = {
			isa = PBXVariantGroup;
			children = (
				2D59A16F1BB8D08B00B917B2 /* Base */,
			);
			name = LaunchScreen.xib;
			sourceTree = "<group>";
		};
/* End PBXVariantGroup section */

/* Begin XCBuildConfiguration section */
		2D59A17D1BB8D08B00B917B2 /* Debug */ = {
			isa = XCBuildConfiguration;
			buildSettings = {
				ALWAYS_SEARCH_USER_PATHS = NO;
				CLANG_CXX_LANGUAGE_STANDARD = "gnu++0x";
				CLANG_CXX_LIBRARY = "libc++";
				CLANG_ENABLE_MODULES = YES;
				CLANG_ENABLE_OBJC_ARC = YES;
				CLANG_WARN_BOOL_CONVERSION = YES;
				CLANG_WARN_CONSTANT_CONVERSION = YES;
				CLANG_WARN_DIRECT_OBJC_ISA_USAGE = YES_ERROR;
				CLANG_WARN_EMPTY_BODY = YES;
				CLANG_WARN_ENUM_CONVERSION = YES;
				CLANG_WARN_INT_CONVERSION = YES;
				CLANG_WARN_OBJC_ROOT_CLASS = YES_ERROR;
				CLANG_WARN_UNREACHABLE_CODE = YES;
				CLANG_WARN__DUPLICATE_METHOD_MATCH = YES;
				"CODE_SIGN_IDENTITY[sdk=iphoneos*]" = "iPhone Developer";
				COPY_PHASE_STRIP = NO;
				DEBUG_INFORMATION_FORMAT = "dwarf-with-dsym";
				ENABLE_STRICT_OBJC_MSGSEND = YES;
				GCC_C_LANGUAGE_STANDARD = gnu99;
				GCC_DYNAMIC_NO_PIC = NO;
				GCC_NO_COMMON_BLOCKS = YES;
				GCC_OPTIMIZATION_LEVEL = 0;
				GCC_PREPROCESSOR_DEFINITIONS = (
					"DEBUG=1",
					"$(inherited)",
				);
				GCC_SYMBOLS_PRIVATE_EXTERN = NO;
				GCC_WARN_64_TO_32_BIT_CONVERSION = YES;
				GCC_WARN_ABOUT_RETURN_TYPE = YES_ERROR;
				GCC_WARN_UNDECLARED_SELECTOR = YES;
				GCC_WARN_UNINITIALIZED_AUTOS = YES_AGGRESSIVE;
				GCC_WARN_UNUSED_FUNCTION = YES;
				GCC_WARN_UNUSED_VARIABLE = YES;
				IPHONEOS_DEPLOYMENT_TARGET = 8.4;
				MTL_ENABLE_DEBUG_INFO = YES;
				ONLY_ACTIVE_ARCH = YES;
				SDKROOT = iphoneos;
			};
			name = Debug;
		};
		2D59A17E1BB8D08B00B917B2 /* Release */ = {
			isa = XCBuildConfiguration;
			buildSettings = {
				ALWAYS_SEARCH_USER_PATHS = NO;
				CLANG_CXX_LANGUAGE_STANDARD = "gnu++0x";
				CLANG_CXX_LIBRARY = "libc++";
				CLANG_ENABLE_MODULES = YES;
				CLANG_ENABLE_OBJC_ARC = YES;
				CLANG_WARN_BOOL_CONVERSION = YES;
				CLANG_WARN_CONSTANT_CONVERSION = YES;
				CLANG_WARN_DIRECT_OBJC_ISA_USAGE = YES_ERROR;
				CLANG_WARN_EMPTY_BODY = YES;
				CLANG_WARN_ENUM_CONVERSION = YES;
				CLANG_WARN_INT_CONVERSION = YES;
				CLANG_WARN_OBJC_ROOT_CLASS = YES_ERROR;
				CLANG_WARN_UNREACHABLE_CODE = YES;
				CLANG_WARN__DUPLICATE_METHOD_MATCH = YES;
				"CODE_SIGN_IDENTITY[sdk=iphoneos*]" = "iPhone Developer";
				COPY_PHASE_STRIP = NO;
				DEBUG_INFORMATION_FORMAT = "dwarf-with-dsym";
				ENABLE_NS_ASSERTIONS = NO;
				ENABLE_STRICT_OBJC_MSGSEND = YES;
				GCC_C_LANGUAGE_STANDARD = gnu99;
				GCC_NO_COMMON_BLOCKS = YES;
				GCC_WARN_64_TO_32_BIT_CONVERSION = YES;
				GCC_WARN_ABOUT_RETURN_TYPE = YES_ERROR;
				GCC_WARN_UNDECLARED_SELECTOR = YES;
				GCC_WARN_UNINITIALIZED_AUTOS = YES_AGGRESSIVE;
				GCC_WARN_UNUSED_FUNCTION = YES;
				GCC_WARN_UNUSED_VARIABLE = YES;
				IPHONEOS_DEPLOYMENT_TARGET = 8.4;
				MTL_ENABLE_DEBUG_INFO = NO;
				SDKROOT = iphoneos;
				VALIDATE_PRODUCT = YES;
			};
			name = Release;
		};
		2D59A1801BB8D08B00B917B2 /* Debug */ = {
			isa = XCBuildConfiguration;
			buildSettings = {
				ASSETCATALOG_COMPILER_APPICON_NAME = AppIcon;
				INFOPLIST_FILE = ios82_app_9_1/Info.plist;
				LD_RUNPATH_SEARCH_PATHS = "$(inherited) @executable_path/Frameworks";
				PRODUCT_NAME = "$(TARGET_NAME)";
			};
			name = Debug;
		};
		2D59A1811BB8D08B00B917B2 /* Release */ = {
			isa = XCBuildConfiguration;
			buildSettings = {
				ASSETCATALOG_COMPILER_APPICON_NAME = AppIcon;
				INFOPLIST_FILE = ios82_app_9_1/Info.plist;
				LD_RUNPATH_SEARCH_PATHS = "$(inherited) @executable_path/Frameworks";
				PRODUCT_NAME = "$(TARGET_NAME)";
			};
			name = Release;
		};
		2D59A1831BB8D08B00B917B2 /* Debug */ = {
			isa = XCBuildConfiguration;
			buildSettings = {
				BUNDLE_LOADER = "$(TEST_HOST)";
				FRAMEWORK_SEARCH_PATHS = (
					"$(SDKROOT)/Developer/Library/Frameworks",
					"$(inherited)",
				);
				GCC_PREPROCESSOR_DEFINITIONS = (
					"DEBUG=1",
					"$(inherited)",
				);
				INFOPLIST_FILE = ios82_app_9_1Tests/Info.plist;
				LD_RUNPATH_SEARCH_PATHS = "$(inherited) @executable_path/Frameworks @loader_path/Frameworks";
				PRODUCT_NAME = "$(TARGET_NAME)";
				TEST_HOST = "$(BUILT_PRODUCTS_DIR)/ios82_app_9_1.app/ios82_app_9_1";
			};
			name = Debug;
		};
		2D59A1841BB8D08B00B917B2 /* Release */ = {
			isa = XCBuildConfiguration;
			buildSettings = {
				BUNDLE_LOADER = "$(TEST_HOST)";
				FRAMEWORK_SEARCH_PATHS = (
					"$(SDKROOT)/Developer/Library/Frameworks",
					"$(inherited)",
				);
				INFOPLIST_FILE = ios82_app_9_1Tests/Info.plist;
				LD_RUNPATH_SEARCH_PATHS = "$(inherited) @executable_path/Frameworks @loader_path/Frameworks";
				PRODUCT_NAME = "$(TARGET_NAME)";
				TEST_HOST = "$(BUILT_PRODUCTS_DIR)/ios82_app_9_1.app/ios82_app_9_1";
			};
			name = Release;
		};
/* End XCBuildConfiguration section */

/* Begin XCConfigurationList section */
		2D59A1571BB8D08B00B917B2 /* Build configuration list for PBXProject "ios82_app_9_1" */ = {
			isa = XCConfigurationList;
			buildConfigurations = (
				2D59A17D1BB8D08B00B917B2 /* Debug */,
				2D59A17E1BB8D08B00B917B2 /* Release */,
			);
			defaultConfigurationIsVisible = 0;
			defaultConfigurationName = Release;
		};
		2D59A17F1BB8D08B00B917B2 /* Build configuration list for PBXNativeTarget "ios82_app_9_1" */ = {
			isa = XCConfigurationList;
			buildConfigurations = (
				2D59A1801BB8D08B00B917B2 /* Debug */,
				2D59A1811BB8D08B00B917B2 /* Release */,
			);
			defaultConfigurationIsVisible = 0;
		};
		2D59A1821BB8D08B00B917B2 /* Build configuration list for PBXNativeTarget "ios82_app_9_1Tests" */ = {
			isa = XCConfigurationList;
			buildConfigurations = (
				2D59A1831BB8D08B00B917B2 /* Debug */,
				2D59A1841BB8D08B00B917B2 /* Release */,
			);
			defaultConfigurationIsVisible = 0;
		};
/* End XCConfigurationList section */
	};
	rootObject = 2D59A1541BB8D08B00B917B2 /* Project object */;
}
