// !$*UTF8*$!
{
	archiveVersion = 1;
	classes = {
	};
	objectVersion = 46;
	objects = {

/* Begin PBXBuildFile section */
		2DFAB6E519C81A8600919B3D /* Foundation.framework in Frameworks */ = {isa = PBXBuildFile; fileRef = 2DFAB6E419C81A8600919B3D /* Foundation.framework */; };
		2DFAB6E819C81A8600919B3D /* main.m in Sources */ = {isa = PBXBuildFile; fileRef = 2DFAB6E719C81A8600919B3D /* main.m */; };
		2DFAB6EC19C81A8600919B3D /* Earphone.1 in CopyFiles */ = {isa = PBXBuildFile; fileRef = 2DFAB6EB19C81A8600919B3D /* Earphone.1 */; };
		2DFAB6F519C81AA800919B3D /* Earphone.m in Sources */ = {isa = PBXBuildFile; fileRef = 2DFAB6F419C81AA800919B3D /* Earphone.m */; };
		2DFAB6F819C81AE800919B3D /* ClearNoise.m in Sources */ = {isa = PBXBuildFile; fileRef = 2DFAB6F719C81AE800919B3D /* ClearNoise.m */; };
		2DFAB6FB19C81B2D00919B3D /* ClearNoiseEarphone.m in Sources */ = {isa = PBXBuildFile; fileRef = 2DFAB6FA19C81B2D00919B3D /* ClearNoiseEarphone.m */; };
/* End PBXBuildFile section */

/* Begin PBXCopyFilesBuildPhase section */
		2DFAB6DF19C81A8600919B3D /* CopyFiles */ = {
			isa = PBXCopyFilesBuildPhase;
			buildActionMask = 2147483647;
			dstPath = /usr/share/man/man1/;
			dstSubfolderSpec = 0;
			files = (
				2DFAB6EC19C81A8600919B3D /* Earphone.1 in CopyFiles */,
			);
			runOnlyForDeploymentPostprocessing = 1;
		};
/* End PBXCopyFilesBuildPhase section */

/* Begin PBXFileReference section */
		2DFAB6E119C81A8600919B3D /* Earphone */ = {isa = PBXFileReference; explicitFileType = "compiled.mach-o.executable"; includeInIndex = 0; path = Earphone; sourceTree = BUILT_PRODUCTS_DIR; };
		2DFAB6E419C81A8600919B3D /* Foundation.framework */ = {isa = PBXFileReference; lastKnownFileType = wrapper.framework; name = Foundation.framework; path = System/Library/Frameworks/Foundation.framework; sourceTree = SDKROOT; };
		2DFAB6E719C81A8600919B3D /* main.m */ = {isa = PBXFileReference; lastKnownFileType = sourcecode.c.objc; path = main.m; sourceTree = "<group>"; };
		2DFAB6EA19C81A8600919B3D /* Earphone-Prefix.pch */ = {isa = PBXFileReference; lastKnownFileType = sourcecode.c.h; path = "Earphone-Prefix.pch"; sourceTree = "<group>"; };
		2DFAB6EB19C81A8600919B3D /* Earphone.1 */ = {isa = PBXFileReference; lastKnownFileType = text.man; path = Earphone.1; sourceTree = "<group>"; };
		2DFAB6F319C81AA800919B3D /* Earphone.h */ = {isa = PBXFileReference; fileEncoding = 4; lastKnownFileType = sourcecode.c.h; path = Earphone.h; sourceTree = "<group>"; };
		2DFAB6F419C81AA800919B3D /* Earphone.m */ = {isa = PBXFileReference; fileEncoding = 4; lastKnownFileType = sourcecode.c.objc; path = Earphone.m; sourceTree = "<group>"; };
		2DFAB6F619C81AE800919B3D /* ClearNoise.h */ = {isa = PBXFileReference; fileEncoding = 4; lastKnownFileType = sourcecode.c.h; path = ClearNoise.h; sourceTree = "<group>"; };
		2DFAB6F719C81AE800919B3D /* ClearNoise.m */ = {isa = PBXFileReference; fileEncoding = 4; lastKnownFileType = sourcecode.c.objc; path = ClearNoise.m; sourceTree = "<group>"; };
		2DFAB6F919C81B2D00919B3D /* ClearNoiseEarphone.h */ = {isa = PBXFileReference; fileEncoding = 4; lastKnownFileType = sourcecode.c.h; path = ClearNoiseEarphone.h; sourceTree = "<group>"; };
		2DFAB6FA19C81B2D00919B3D /* ClearNoiseEarphone.m */ = {isa = PBXFileReference; fileEncoding = 4; lastKnownFileType = sourcecode.c.objc; path = ClearNoiseEarphone.m; sourceTree = "<group>"; };
/* End PBXFileReference section */

/* Begin PBXFrameworksBuildPhase section */
		2DFAB6DE19C81A8600919B3D /* Frameworks */ = {
			isa = PBXFrameworksBuildPhase;
			buildActionMask = 2147483647;
			files = (
				2DFAB6E519C81A8600919B3D /* Foundation.framework in Frameworks */,
			);
			runOnlyForDeploymentPostprocessing = 0;
		};
/* End PBXFrameworksBuildPhase section */

/* Begin PBXGroup section */
		2DFAB6D819C81A8600919B3D = {
			isa = PBXGroup;
			children = (
				2DFAB6F219C81A8C00919B3D /* SDK */,
				2DFAB6E619C81A8600919B3D /* Earphone */,
				2DFAB6E319C81A8600919B3D /* Frameworks */,
				2DFAB6E219C81A8600919B3D /* Products */,
			);
			sourceTree = "<group>";
		};
		2DFAB6E219C81A8600919B3D /* Products */ = {
			isa = PBXGroup;
			children = (
				2DFAB6E119C81A8600919B3D /* Earphone */,
			);
			name = Products;
			sourceTree = "<group>";
		};
		2DFAB6E319C81A8600919B3D /* Frameworks */ = {
			isa = PBXGroup;
			children = (
				2DFAB6E419C81A8600919B3D /* Foundation.framework */,
			);
			name = Frameworks;
			sourceTree = "<group>";
		};
		2DFAB6E619C81A8600919B3D /* Earphone */ = {
			isa = PBXGroup;
			children = (
				2DFAB6E719C81A8600919B3D /* main.m */,
				2DFAB6F919C81B2D00919B3D /* ClearNoiseEarphone.h */,
				2DFAB6FA19C81B2D00919B3D /* ClearNoiseEarphone.m */,
				2DFAB6EB19C81A8600919B3D /* Earphone.1 */,
				2DFAB6E919C81A8600919B3D /* Supporting Files */,
			);
			path = Earphone;
			sourceTree = "<group>";
		};
		2DFAB6E919C81A8600919B3D /* Supporting Files */ = {
			isa = PBXGroup;
			children = (
				2DFAB6EA19C81A8600919B3D /* Earphone-Prefix.pch */,
			);
			name = "Supporting Files";
			sourceTree = "<group>";
		};
		2DFAB6F219C81A8C00919B3D /* SDK */ = {
			isa = PBXGroup;
			children = (
				2DFAB6F319C81AA800919B3D /* Earphone.h */,
				2DFAB6F419C81AA800919B3D /* Earphone.m */,
				2DFAB6F619C81AE800919B3D /* ClearNoise.h */,
				2DFAB6F719C81AE800919B3D /* ClearNoise.m */,
			);
			name = SDK;
			sourceTree = "<group>";
		};
/* End PBXGroup section */

/* Begin PBXNativeTarget section */
		2DFAB6E019C81A8600919B3D /* Earphone */ = {
			isa = PBXNativeTarget;
			buildConfigurationList = 2DFAB6EF19C81A8600919B3D /* Build configuration list for PBXNativeTarget "Earphone" */;
			buildPhases = (
				2DFAB6DD19C81A8600919B3D /* Sources */,
				2DFAB6DE19C81A8600919B3D /* Frameworks */,
				2DFAB6DF19C81A8600919B3D /* CopyFiles */,
			);
			buildRules = (
			);
			dependencies = (
			);
			name = Earphone;
			productName = Earphone;
			productReference = 2DFAB6E119C81A8600919B3D /* Earphone */;
			productType = "com.apple.product-type.tool";
		};
/* End PBXNativeTarget section */

/* Begin PBXProject section */
		2DFAB6D919C81A8600919B3D /* Project object */ = {
			isa = PBXProject;
			attributes = {
				LastUpgradeCheck = 0510;
				ORGANIZATIONNAME = "徐赢";
			};
			buildConfigurationList = 2DFAB6DC19C81A8600919B3D /* Build configuration list for PBXProject "Earphone" */;
			compatibilityVersion = "Xcode 3.2";
			developmentRegion = English;
			hasScannedForEncodings = 0;
			knownRegions = (
				en,
			);
			mainGroup = 2DFAB6D819C81A8600919B3D;
			productRefGroup = 2DFAB6E219C81A8600919B3D /* Products */;
			projectDirPath = "";
			projectRoot = "";
			targets = (
				2DFAB6E019C81A8600919B3D /* Earphone */,
			);
		};
/* End PBXProject section */

/* Begin PBXSourcesBuildPhase section */
		2DFAB6DD19C81A8600919B3D /* Sources */ = {
			isa = PBXSourcesBuildPhase;
			buildActionMask = 2147483647;
			files = (
				2DFAB6F819C81AE800919B3D /* ClearNoise.m in Sources */,
				2DFAB6E819C81A8600919B3D /* main.m in Sources */,
				2DFAB6FB19C81B2D00919B3D /* ClearNoiseEarphone.m in Sources */,
				2DFAB6F519C81AA800919B3D /* Earphone.m in Sources */,
			);
			runOnlyForDeploymentPostprocessing = 0;
		};
/* End PBXSourcesBuildPhase section */

/* Begin XCBuildConfiguration section */
		2DFAB6ED19C81A8600919B3D /* Debug */ = {
			isa = XCBuildConfiguration;
			buildSettings = {
				ALWAYS_SEARCH_USER_PATHS = NO;
				CLANG_CXX_LANGUAGE_STANDARD = "gnu++0x";
				CLANG_CXX_LIBRARY = "libc++";
				CLANG_ENABLE_MODULES = YES;
				CLANG_ENABLE_OBJC_ARC = YES;
				CLANG_WARN_BOOL_CONVERSION = YES;
				CLANG_WARN_CONSTANT_CONVERSION = YES;
				CLANG_WARN_DIRECT_OBJC_ISA_USAGE = YES_ERROR;
				CLANG_WARN_EMPTY_BODY = YES;
				CLANG_WARN_ENUM_CONVERSION = YES;
				CLANG_WARN_INT_CONVERSION = YES;
				CLANG_WARN_OBJC_ROOT_CLASS = YES_ERROR;
				CLANG_WARN__DUPLICATE_METHOD_MATCH = YES;
				COPY_PHASE_STRIP = NO;
				GCC_C_LANGUAGE_STANDARD = gnu99;
				GCC_DYNAMIC_NO_PIC = NO;
				GCC_ENABLE_OBJC_EXCEPTIONS = YES;
				GCC_OPTIMIZATION_LEVEL = 0;
				GCC_PREPROCESSOR_DEFINITIONS = (
					"DEBUG=1",
					"$(inherited)",
				);
				GCC_SYMBOLS_PRIVATE_EXTERN = NO;
				GCC_WARN_64_TO_32_BIT_CONVERSION = YES;
				GCC_WARN_ABOUT_RETURN_TYPE = YES_ERROR;
				GCC_WARN_UNDECLARED_SELECTOR = YES;
				GCC_WARN_UNINITIALIZED_AUTOS = YES_AGGRESSIVE;
				GCC_WARN_UNUSED_FUNCTION = YES;
				GCC_WARN_UNUSED_VARIABLE = YES;
				MACOSX_DEPLOYMENT_TARGET = 10.9;
				ONLY_ACTIVE_ARCH = YES;
				SDKROOT = macosx;
			};
			name = Debug;
		};
		2DFAB6EE19C81A8600919B3D /* Release */ = {
			isa = XCBuildConfiguration;
			buildSettings = {
				ALWAYS_SEARCH_USER_PATHS = NO;
				CLANG_CXX_LANGUAGE_STANDARD = "gnu++0x";
				CLANG_CXX_LIBRARY = "libc++";
				CLANG_ENABLE_MODULES = YES;
				CLANG_ENABLE_OBJC_ARC = YES;
				CLANG_WARN_BOOL_CONVERSION = YES;
				CLANG_WARN_CONSTANT_CONVERSION = YES;
				CLANG_WARN_DIRECT_OBJC_ISA_USAGE = YES_ERROR;
				CLANG_WARN_EMPTY_BODY = YES;
				CLANG_WARN_ENUM_CONVERSION = YES;
				CLANG_WARN_INT_CONVERSION = YES;
				CLANG_WARN_OBJC_ROOT_CLASS = YES_ERROR;
				CLANG_WARN__DUPLICATE_METHOD_MATCH = YES;
				COPY_PHASE_STRIP = YES;
				DEBUG_INFORMATION_FORMAT = "dwarf-with-dsym";
				ENABLE_NS_ASSERTIONS = NO;
				GCC_C_LANGUAGE_STANDARD = gnu99;
				GCC_ENABLE_OBJC_EXCEPTIONS = YES;
				GCC_WARN_64_TO_32_BIT_CONVERSION = YES;
				GCC_WARN_ABOUT_RETURN_TYPE = YES_ERROR;
				GCC_WARN_UNDECLARED_SELECTOR = YES;
				GCC_WARN_UNINITIALIZED_AUTOS = YES_AGGRESSIVE;
				GCC_WARN_UNUSED_FUNCTION = YES;
				GCC_WARN_UNUSED_VARIABLE = YES;
				MACOSX_DEPLOYMENT_TARGET = 10.9;
				SDKROOT = macosx;
			};
			name = Release;
		};
		2DFAB6F019C81A8600919B3D /* Debug */ = {
			isa = XCBuildConfiguration;
			buildSettings = {
				GCC_PRECOMPILE_PREFIX_HEADER = YES;
				GCC_PREFIX_HEADER = "Earphone/Earphone-Prefix.pch";
				PRODUCT_NAME = "$(TARGET_NAME)";
			};
			name = Debug;
		};
		2DFAB6F119C81A8600919B3D /* Release */ = {
			isa = XCBuildConfiguration;
			buildSettings = {
				GCC_PRECOMPILE_PREFIX_HEADER = YES;
				GCC_PREFIX_HEADER = "Earphone/Earphone-Prefix.pch";
				PRODUCT_NAME = "$(TARGET_NAME)";
			};
			name = Release;
		};
/* End XCBuildConfiguration section */

/* Begin XCConfigurationList section */
		2DFAB6DC19C81A8600919B3D /* Build configuration list for PBXProject "Earphone" */ = {
			isa = XCConfigurationList;
			buildConfigurations = (
				2DFAB6ED19C81A8600919B3D /* Debug */,
				2DFAB6EE19C81A8600919B3D /* Release */,
			);
			defaultConfigurationIsVisible = 0;
			defaultConfigurationName = Release;
		};
		2DFAB6EF19C81A8600919B3D /* Build configuration list for PBXNativeTarget "Earphone" */ = {
			isa = XCConfigurationList;
			buildConfigurations = (
				2DFAB6F019C81A8600919B3D /* Debug */,
				2DFAB6F119C81A8600919B3D /* Release */,
			);
			defaultConfigurationIsVisible = 0;
		};
/* End XCConfigurationList section */
	};
	rootObject = 2DFAB6D919C81A8600919B3D /* Project object */;
}
