// !$*UTF8*$!
{
	archiveVersion = 1;
	classes = {
	};
	objectVersion = 46;
	objects = {

/* Begin PBXBuildFile section */
		2DABDC191B9EBEFF00E4C703 /* main.m in Sources */ = {isa = PBXBuildFile; fileRef = 2DABDC181B9EBEFF00E4C703 /* main.m */; };
		2DABDC1C1B9EBEFF00E4C703 /* AppDelegate.m in Sources */ = {isa = PBXBuildFile; fileRef = 2DABDC1B1B9EBEFF00E4C703 /* AppDelegate.m */; };
		2DABDC1F1B9EBEFF00E4C703 /* ViewController.m in Sources */ = {isa = PBXBuildFile; fileRef = 2DABDC1E1B9EBEFF00E4C703 /* ViewController.m */; };
		2DABDC221B9EBEFF00E4C703 /* Main.storyboard in Resources */ = {isa = PBXBuildFile; fileRef = 2DABDC201B9EBEFF00E4C703 /* Main.storyboard */; };
		2DABDC241B9EBEFF00E4C703 /* Images.xcassets in Resources */ = {isa = PBXBuildFile; fileRef = 2DABDC231B9EBEFF00E4C703 /* Images.xcassets */; };
		2DABDC271B9EBEFF00E4C703 /* LaunchScreen.xib in Resources */ = {isa = PBXBuildFile; fileRef = 2DABDC251B9EBEFF00E4C703 /* LaunchScreen.xib */; };
		2DABDC331B9EBEFF00E4C703 /* ios82_app_5_1Tests.m in Sources */ = {isa = PBXBuildFile; fileRef = 2DABDC321B9EBEFF00E4C703 /* ios82_app_5_1Tests.m */; };
		2DABDC3E1B9EBF2C00E4C703 /* Model.xcdatamodeld in Sources */ = {isa = PBXBuildFile; fileRef = 2DABDC3C1B9EBF2C00E4C703 /* Model.xcdatamodeld */; };
		2DABDC411B9EC02800E4C703 /* Student.m in Sources */ = {isa = PBXBuildFile; fileRef = 2DABDC401B9EC02800E4C703 /* Student.m */; };
		2DABDC441B9EC14E00E4C703 /* CoreDataManager.m in Sources */ = {isa = PBXBuildFile; fileRef = 2DABDC431B9EC14E00E4C703 /* CoreDataManager.m */; };
/* End PBXBuildFile section */

/* Begin PBXContainerItemProxy section */
		2DABDC2D1B9EBEFF00E4C703 /* PBXContainerItemProxy */ = {
			isa = PBXContainerItemProxy;
			containerPortal = 2DABDC0B1B9EBEFF00E4C703 /* Project object */;
			proxyType = 1;
			remoteGlobalIDString = 2DABDC121B9EBEFF00E4C703;
			remoteInfo = ios82_app_5_1;
		};
/* End PBXContainerItemProxy section */

/* Begin PBXFileReference section */
		2DABDC131B9EBEFF00E4C703 /* ios82_app_5_1.app */ = {isa = PBXFileReference; explicitFileType = wrapper.application; includeInIndex = 0; path = ios82_app_5_1.app; sourceTree = BUILT_PRODUCTS_DIR; };
		2DABDC171B9EBEFF00E4C703 /* Info.plist */ = {isa = PBXFileReference; lastKnownFileType = text.plist.xml; path = Info.plist; sourceTree = "<group>"; };
		2DABDC181B9EBEFF00E4C703 /* main.m */ = {isa = PBXFileReference; lastKnownFileType = sourcecode.c.objc; path = main.m; sourceTree = "<group>"; };
		2DABDC1A1B9EBEFF00E4C703 /* AppDelegate.h */ = {isa = PBXFileReference; lastKnownFileType = sourcecode.c.h; path = AppDelegate.h; sourceTree = "<group>"; };
		2DABDC1B1B9EBEFF00E4C703 /* AppDelegate.m */ = {isa = PBXFileReference; lastKnownFileType = sourcecode.c.objc; path = AppDelegate.m; sourceTree = "<group>"; };
		2DABDC1D1B9EBEFF00E4C703 /* ViewController.h */ = {isa = PBXFileReference; lastKnownFileType = sourcecode.c.h; path = ViewController.h; sourceTree = "<group>"; };
		2DABDC1E1B9EBEFF00E4C703 /* ViewController.m */ = {isa = PBXFileReference; lastKnownFileType = sourcecode.c.objc; path = ViewController.m; sourceTree = "<group>"; };
		2DABDC211B9EBEFF00E4C703 /* Base */ = {isa = PBXFileReference; lastKnownFileType = file.storyboard; name = Base; path = Base.lproj/Main.storyboard; sourceTree = "<group>"; };
		2DABDC231B9EBEFF00E4C703 /* Images.xcassets */ = {isa = PBXFileReference; lastKnownFileType = folder.assetcatalog; path = Images.xcassets; sourceTree = "<group>"; };
		2DABDC261B9EBEFF00E4C703 /* Base */ = {isa = PBXFileReference; lastKnownFileType = file.xib; name = Base; path = Base.lproj/LaunchScreen.xib; sourceTree = "<group>"; };
		2DABDC2C1B9EBEFF00E4C703 /* ios82_app_5_1Tests.xctest */ = {isa = PBXFileReference; explicitFileType = wrapper.cfbundle; includeInIndex = 0; path = ios82_app_5_1Tests.xctest; sourceTree = BUILT_PRODUCTS_DIR; };
		2DABDC311B9EBEFF00E4C703 /* Info.plist */ = {isa = PBXFileReference; lastKnownFileType = text.plist.xml; path = Info.plist; sourceTree = "<group>"; };
		2DABDC321B9EBEFF00E4C703 /* ios82_app_5_1Tests.m */ = {isa = PBXFileReference; lastKnownFileType = sourcecode.c.objc; path = ios82_app_5_1Tests.m; sourceTree = "<group>"; };
		2DABDC3D1B9EBF2C00E4C703 /* Model.xcdatamodel */ = {isa = PBXFileReference; lastKnownFileType = wrapper.xcdatamodel; path = Model.xcdatamodel; sourceTree = "<group>"; };
		2DABDC3F1B9EC02800E4C703 /* Student.h */ = {isa = PBXFileReference; fileEncoding = 4; lastKnownFileType = sourcecode.c.h; path = Student.h; sourceTree = "<group>"; };
		2DABDC401B9EC02800E4C703 /* Student.m */ = {isa = PBXFileReference; fileEncoding = 4; lastKnownFileType = sourcecode.c.objc; path = Student.m; sourceTree = "<group>"; };
		2DABDC421B9EC14E00E4C703 /* CoreDataManager.h */ = {isa = PBXFileReference; fileEncoding = 4; lastKnownFileType = sourcecode.c.h; path = CoreDataManager.h; sourceTree = "<group>"; };
		2DABDC431B9EC14E00E4C703 /* CoreDataManager.m */ = {isa = PBXFileReference; fileEncoding = 4; lastKnownFileType = sourcecode.c.objc; path = CoreDataManager.m; sourceTree = "<group>"; };
/* End PBXFileReference section */

/* Begin PBXFrameworksBuildPhase section */
		2DABDC101B9EBEFF00E4C703 /* Frameworks */ = {
			isa = PBXFrameworksBuildPhase;
			buildActionMask = 2147483647;
			files = (
			);
			runOnlyForDeploymentPostprocessing = 0;
		};
		2DABDC291B9EBEFF00E4C703 /* Frameworks */ = {
			isa = PBXFrameworksBuildPhase;
			buildActionMask = 2147483647;
			files = (
			);
			runOnlyForDeploymentPostprocessing = 0;
		};
/* End PBXFrameworksBuildPhase section */

/* Begin PBXGroup section */
		2DABDC0A1B9EBEFF00E4C703 = {
			isa = PBXGroup;
			children = (
				2DABDC151B9EBEFF00E4C703 /* ios82_app_5_1 */,
				2DABDC2F1B9EBEFF00E4C703 /* ios82_app_5_1Tests */,
				2DABDC141B9EBEFF00E4C703 /* Products */,
			);
			sourceTree = "<group>";
		};
		2DABDC141B9EBEFF00E4C703 /* Products */ = {
			isa = PBXGroup;
			children = (
				2DABDC131B9EBEFF00E4C703 /* ios82_app_5_1.app */,
				2DABDC2C1B9EBEFF00E4C703 /* ios82_app_5_1Tests.xctest */,
			);
			name = Products;
			sourceTree = "<group>";
		};
		2DABDC151B9EBEFF00E4C703 /* ios82_app_5_1 */ = {
			isa = PBXGroup;
			children = (
				2DABDC1A1B9EBEFF00E4C703 /* AppDelegate.h */,
				2DABDC1B1B9EBEFF00E4C703 /* AppDelegate.m */,
				2DABDC1D1B9EBEFF00E4C703 /* ViewController.h */,
				2DABDC1E1B9EBEFF00E4C703 /* ViewController.m */,
				2DABDC421B9EC14E00E4C703 /* CoreDataManager.h */,
				2DABDC431B9EC14E00E4C703 /* CoreDataManager.m */,
				2DABDC201B9EBEFF00E4C703 /* Main.storyboard */,
				2DABDC231B9EBEFF00E4C703 /* Images.xcassets */,
				2DABDC251B9EBEFF00E4C703 /* LaunchScreen.xib */,
				2DABDC161B9EBEFF00E4C703 /* Supporting Files */,
				2DABDC3C1B9EBF2C00E4C703 /* Model.xcdatamodeld */,
				2DABDC3F1B9EC02800E4C703 /* Student.h */,
				2DABDC401B9EC02800E4C703 /* Student.m */,
			);
			path = ios82_app_5_1;
			sourceTree = "<group>";
		};
		2DABDC161B9EBEFF00E4C703 /* Supporting Files */ = {
			isa = PBXGroup;
			children = (
				2DABDC171B9EBEFF00E4C703 /* Info.plist */,
				2DABDC181B9EBEFF00E4C703 /* main.m */,
			);
			name = "Supporting Files";
			sourceTree = "<group>";
		};
		2DABDC2F1B9EBEFF00E4C703 /* ios82_app_5_1Tests */ = {
			isa = PBXGroup;
			children = (
				2DABDC321B9EBEFF00E4C703 /* ios82_app_5_1Tests.m */,
				2DABDC301B9EBEFF00E4C703 /* Supporting Files */,
			);
			path = ios82_app_5_1Tests;
			sourceTree = "<group>";
		};
		2DABDC301B9EBEFF00E4C703 /* Supporting Files */ = {
			isa = PBXGroup;
			children = (
				2DABDC311B9EBEFF00E4C703 /* Info.plist */,
			);
			name = "Supporting Files";
			sourceTree = "<group>";
		};
/* End PBXGroup section */

/* Begin PBXNativeTarget section */
		2DABDC121B9EBEFF00E4C703 /* ios82_app_5_1 */ = {
			isa = PBXNativeTarget;
			buildConfigurationList = 2DABDC361B9EBEFF00E4C703 /* Build configuration list for PBXNativeTarget "ios82_app_5_1" */;
			buildPhases = (
				2DABDC0F1B9EBEFF00E4C703 /* Sources */,
				2DABDC101B9EBEFF00E4C703 /* Frameworks */,
				2DABDC111B9EBEFF00E4C703 /* Resources */,
			);
			buildRules = (
			);
			dependencies = (
			);
			name = ios82_app_5_1;
			productName = ios82_app_5_1;
			productReference = 2DABDC131B9EBEFF00E4C703 /* ios82_app_5_1.app */;
			productType = "com.apple.product-type.application";
		};
		2DABDC2B1B9EBEFF00E4C703 /* ios82_app_5_1Tests */ = {
			isa = PBXNativeTarget;
			buildConfigurationList = 2DABDC391B9EBEFF00E4C703 /* Build configuration list for PBXNativeTarget "ios82_app_5_1Tests" */;
			buildPhases = (
				2DABDC281B9EBEFF00E4C703 /* Sources */,
				2DABDC291B9EBEFF00E4C703 /* Frameworks */,
				2DABDC2A1B9EBEFF00E4C703 /* Resources */,
			);
			buildRules = (
			);
			dependencies = (
				2DABDC2E1B9EBEFF00E4C703 /* PBXTargetDependency */,
			);
			name = ios82_app_5_1Tests;
			productName = ios82_app_5_1Tests;
			productReference = 2DABDC2C1B9EBEFF00E4C703 /* ios82_app_5_1Tests.xctest */;
			productType = "com.apple.product-type.bundle.unit-test";
		};
/* End PBXNativeTarget section */

/* Begin PBXProject section */
		2DABDC0B1B9EBEFF00E4C703 /* Project object */ = {
			isa = PBXProject;
			attributes = {
				LastUpgradeCheck = 0640;
				ORGANIZATIONNAME = "博看文思";
				TargetAttributes = {
					2DABDC121B9EBEFF00E4C703 = {
						CreatedOnToolsVersion = 6.4;
					};
					2DABDC2B1B9EBEFF00E4C703 = {
						CreatedOnToolsVersion = 6.4;
						TestTargetID = 2DABDC121B9EBEFF00E4C703;
					};
				};
			};
			buildConfigurationList = 2DABDC0E1B9EBEFF00E4C703 /* Build configuration list for PBXProject "ios82_app_5_1" */;
			compatibilityVersion = "Xcode 3.2";
			developmentRegion = English;
			hasScannedForEncodings = 0;
			knownRegions = (
				en,
				Base,
			);
			mainGroup = 2DABDC0A1B9EBEFF00E4C703;
			productRefGroup = 2DABDC141B9EBEFF00E4C703 /* Products */;
			projectDirPath = "";
			projectRoot = "";
			targets = (
				2DABDC121B9EBEFF00E4C703 /* ios82_app_5_1 */,
				2DABDC2B1B9EBEFF00E4C703 /* ios82_app_5_1Tests */,
			);
		};
/* End PBXProject section */

/* Begin PBXResourcesBuildPhase section */
		2DABDC111B9EBEFF00E4C703 /* Resources */ = {
			isa = PBXResourcesBuildPhase;
			buildActionMask = 2147483647;
			files = (
				2DABDC221B9EBEFF00E4C703 /* Main.storyboard in Resources */,
				2DABDC271B9EBEFF00E4C703 /* LaunchScreen.xib in Resources */,
				2DABDC241B9EBEFF00E4C703 /* Images.xcassets in Resources */,
			);
			runOnlyForDeploymentPostprocessing = 0;
		};
		2DABDC2A1B9EBEFF00E4C703 /* Resources */ = {
			isa = PBXResourcesBuildPhase;
			buildActionMask = 2147483647;
			files = (
			);
			runOnlyForDeploymentPostprocessing = 0;
		};
/* End PBXResourcesBuildPhase section */

/* Begin PBXSourcesBuildPhase section */
		2DABDC0F1B9EBEFF00E4C703 /* Sources */ = {
			isa = PBXSourcesBuildPhase;
			buildActionMask = 2147483647;
			files = (
				2DABDC441B9EC14E00E4C703 /* CoreDataManager.m in Sources */,
				2DABDC1F1B9EBEFF00E4C703 /* ViewController.m in Sources */,
				2DABDC1C1B9EBEFF00E4C703 /* AppDelegate.m in Sources */,
				2DABDC411B9EC02800E4C703 /* Student.m in Sources */,
				2DABDC191B9EBEFF00E4C703 /* main.m in Sources */,
				2DABDC3E1B9EBF2C00E4C703 /* Model.xcdatamodeld in Sources */,
			);
			runOnlyForDeploymentPostprocessing = 0;
		};
		2DABDC281B9EBEFF00E4C703 /* Sources */ = {
			isa = PBXSourcesBuildPhase;
			buildActionMask = 2147483647;
			files = (
				2DABDC331B9EBEFF00E4C703 /* ios82_app_5_1Tests.m in Sources */,
			);
			runOnlyForDeploymentPostprocessing = 0;
		};
/* End PBXSourcesBuildPhase section */

/* Begin PBXTargetDependency section */
		2DABDC2E1B9EBEFF00E4C703 /* PBXTargetDependency */ = {
			isa = PBXTargetDependency;
			target = 2DABDC121B9EBEFF00E4C703 /* ios82_app_5_1 */;
			targetProxy = 2DABDC2D1B9EBEFF00E4C703 /* PBXContainerItemProxy */;
		};
/* End PBXTargetDependency section */

/* Begin PBXVariantGroup section */
		2DABDC201B9EBEFF00E4C703 /* Main.storyboard */ = {
			isa = PBXVariantGroup;
			children = (
				2DABDC211B9EBEFF00E4C703 /* Base */,
			);
			name = Main.storyboard;
			sourceTree = "<group>";
		};
		2DABDC251B9EBEFF00E4C703 /* LaunchScreen.xib */ = {
			isa = PBXVariantGroup;
			children = (
				2DABDC261B9EBEFF00E4C703 /* Base */,
			);
			name = LaunchScreen.xib;
			sourceTree = "<group>";
		};
/* End PBXVariantGroup section */

/* Begin XCBuildConfiguration section */
		2DABDC341B9EBEFF00E4C703 /* Debug */ = {
			isa = XCBuildConfiguration;
			buildSettings = {
				ALWAYS_SEARCH_USER_PATHS = NO;
				CLANG_CXX_LANGUAGE_STANDARD = "gnu++0x";
				CLANG_CXX_LIBRARY = "libc++";
				CLANG_ENABLE_MODULES = YES;
				CLANG_ENABLE_OBJC_ARC = YES;
				CLANG_WARN_BOOL_CONVERSION = YES;
				CLANG_WARN_CONSTANT_CONVERSION = YES;
				CLANG_WARN_DIRECT_OBJC_ISA_USAGE = YES_ERROR;
				CLANG_WARN_EMPTY_BODY = YES;
				CLANG_WARN_ENUM_CONVERSION = YES;
				CLANG_WARN_INT_CONVERSION = YES;
				CLANG_WARN_OBJC_ROOT_CLASS = YES_ERROR;
				CLANG_WARN_UNREACHABLE_CODE = YES;
				CLANG_WARN__DUPLICATE_METHOD_MATCH = YES;
				"CODE_SIGN_IDENTITY[sdk=iphoneos*]" = "iPhone Developer";
				COPY_PHASE_STRIP = NO;
				DEBUG_INFORMATION_FORMAT = "dwarf-with-dsym";
				ENABLE_STRICT_OBJC_MSGSEND = YES;
				GCC_C_LANGUAGE_STANDARD = gnu99;
				GCC_DYNAMIC_NO_PIC = NO;
				GCC_NO_COMMON_BLOCKS = YES;
				GCC_OPTIMIZATION_LEVEL = 0;
				GCC_PREPROCESSOR_DEFINITIONS = (
					"DEBUG=1",
					"$(inherited)",
				);
				GCC_SYMBOLS_PRIVATE_EXTERN = NO;
				GCC_WARN_64_TO_32_BIT_CONVERSION = YES;
				GCC_WARN_ABOUT_RETURN_TYPE = YES_ERROR;
				GCC_WARN_UNDECLARED_SELECTOR = YES;
				GCC_WARN_UNINITIALIZED_AUTOS = YES_AGGRESSIVE;
				GCC_WARN_UNUSED_FUNCTION = YES;
				GCC_WARN_UNUSED_VARIABLE = YES;
				IPHONEOS_DEPLOYMENT_TARGET = 8.4;
				MTL_ENABLE_DEBUG_INFO = YES;
				ONLY_ACTIVE_ARCH = YES;
				SDKROOT = iphoneos;
			};
			name = Debug;
		};
		2DABDC351B9EBEFF00E4C703 /* Release */ = {
			isa = XCBuildConfiguration;
			buildSettings = {
				ALWAYS_SEARCH_USER_PATHS = NO;
				CLANG_CXX_LANGUAGE_STANDARD = "gnu++0x";
				CLANG_CXX_LIBRARY = "libc++";
				CLANG_ENABLE_MODULES = YES;
				CLANG_ENABLE_OBJC_ARC = YES;
				CLANG_WARN_BOOL_CONVERSION = YES;
				CLANG_WARN_CONSTANT_CONVERSION = YES;
				CLANG_WARN_DIRECT_OBJC_ISA_USAGE = YES_ERROR;
				CLANG_WARN_EMPTY_BODY = YES;
				CLANG_WARN_ENUM_CONVERSION = YES;
				CLANG_WARN_INT_CONVERSION = YES;
				CLANG_WARN_OBJC_ROOT_CLASS = YES_ERROR;
				CLANG_WARN_UNREACHABLE_CODE = YES;
				CLANG_WARN__DUPLICATE_METHOD_MATCH = YES;
				"CODE_SIGN_IDENTITY[sdk=iphoneos*]" = "iPhone Developer";
				COPY_PHASE_STRIP = NO;
				DEBUG_INFORMATION_FORMAT = "dwarf-with-dsym";
				ENABLE_NS_ASSERTIONS = NO;
				ENABLE_STRICT_OBJC_MSGSEND = YES;
				GCC_C_LANGUAGE_STANDARD = gnu99;
				GCC_NO_COMMON_BLOCKS = YES;
				GCC_WARN_64_TO_32_BIT_CONVERSION = YES;
				GCC_WARN_ABOUT_RETURN_TYPE = YES_ERROR;
				GCC_WARN_UNDECLARED_SELECTOR = YES;
				GCC_WARN_UNINITIALIZED_AUTOS = YES_AGGRESSIVE;
				GCC_WARN_UNUSED_FUNCTION = YES;
				GCC_WARN_UNUSED_VARIABLE = YES;
				IPHONEOS_DEPLOYMENT_TARGET = 8.4;
				MTL_ENABLE_DEBUG_INFO = NO;
				SDKROOT = iphoneos;
				VALIDATE_PRODUCT = YES;
			};
			name = Release;
		};
		2DABDC371B9EBEFF00E4C703 /* Debug */ = {
			isa = XCBuildConfiguration;
			buildSettings = {
				ASSETCATALOG_COMPILER_APPICON_NAME = AppIcon;
				INFOPLIST_FILE = ios82_app_5_1/Info.plist;
				LD_RUNPATH_SEARCH_PATHS = "$(inherited) @executable_path/Frameworks";
				PRODUCT_NAME = "$(TARGET_NAME)";
			};
			name = Debug;
		};
		2DABDC381B9EBEFF00E4C703 /* Release */ = {
			isa = XCBuildConfiguration;
			buildSettings = {
				ASSETCATALOG_COMPILER_APPICON_NAME = AppIcon;
				INFOPLIST_FILE = ios82_app_5_1/Info.plist;
				LD_RUNPATH_SEARCH_PATHS = "$(inherited) @executable_path/Frameworks";
				PRODUCT_NAME = "$(TARGET_NAME)";
			};
			name = Release;
		};
		2DABDC3A1B9EBEFF00E4C703 /* Debug */ = {
			isa = XCBuildConfiguration;
			buildSettings = {
				BUNDLE_LOADER = "$(TEST_HOST)";
				FRAMEWORK_SEARCH_PATHS = (
					"$(SDKROOT)/Developer/Library/Frameworks",
					"$(inherited)",
				);
				GCC_PREPROCESSOR_DEFINITIONS = (
					"DEBUG=1",
					"$(inherited)",
				);
				INFOPLIST_FILE = ios82_app_5_1Tests/Info.plist;
				LD_RUNPATH_SEARCH_PATHS = "$(inherited) @executable_path/Frameworks @loader_path/Frameworks";
				PRODUCT_NAME = "$(TARGET_NAME)";
				TEST_HOST = "$(BUILT_PRODUCTS_DIR)/ios82_app_5_1.app/ios82_app_5_1";
			};
			name = Debug;
		};
		2DABDC3B1B9EBEFF00E4C703 /* Release */ = {
			isa = XCBuildConfiguration;
			buildSettings = {
				BUNDLE_LOADER = "$(TEST_HOST)";
				FRAMEWORK_SEARCH_PATHS = (
					"$(SDKROOT)/Developer/Library/Frameworks",
					"$(inherited)",
				);
				INFOPLIST_FILE = ios82_app_5_1Tests/Info.plist;
				LD_RUNPATH_SEARCH_PATHS = "$(inherited) @executable_path/Frameworks @loader_path/Frameworks";
				PRODUCT_NAME = "$(TARGET_NAME)";
				TEST_HOST = "$(BUILT_PRODUCTS_DIR)/ios82_app_5_1.app/ios82_app_5_1";
			};
			name = Release;
		};
/* End XCBuildConfiguration section */

/* Begin XCConfigurationList section */
		2DABDC0E1B9EBEFF00E4C703 /* Build configuration list for PBXProject "ios82_app_5_1" */ = {
			isa = XCConfigurationList;
			buildConfigurations = (
				2DABDC341B9EBEFF00E4C703 /* Debug */,
				2DABDC351B9EBEFF00E4C703 /* Release */,
			);
			defaultConfigurationIsVisible = 0;
			defaultConfigurationName = Release;
		};
		2DABDC361B9EBEFF00E4C703 /* Build configuration list for PBXNativeTarget "ios82_app_5_1" */ = {
			isa = XCConfigurationList;
			buildConfigurations = (
				2DABDC371B9EBEFF00E4C703 /* Debug */,
				2DABDC381B9EBEFF00E4C703 /* Release */,
			);
			defaultConfigurationIsVisible = 0;
		};
		2DABDC391B9EBEFF00E4C703 /* Build configuration list for PBXNativeTarget "ios82_app_5_1Tests" */ = {
			isa = XCConfigurationList;
			buildConfigurations = (
				2DABDC3A1B9EBEFF00E4C703 /* Debug */,
				2DABDC3B1B9EBEFF00E4C703 /* Release */,
			);
			defaultConfigurationIsVisible = 0;
		};
/* End XCConfigurationList section */

/* Begin XCVersionGroup section */
		2DABDC3C1B9EBF2C00E4C703 /* Model.xcdatamodeld */ = {
			isa = XCVersionGroup;
			children = (
				2DABDC3D1B9EBF2C00E4C703 /* Model.xcdatamodel */,
			);
			currentVersion = 2DABDC3D1B9EBF2C00E4C703 /* Model.xcdatamodel */;
			path = Model.xcdatamodeld;
			sourceTree = "<group>";
			versionGroupType = wrapper.xcdatamodel;
		};
/* End XCVersionGroup section */
	};
	rootObject = 2DABDC0B1B9EBEFF00E4C703 /* Project object */;
}
