// !$*UTF8*$!
{
	archiveVersion = 1;
	classes = {
	};
	objectVersion = 46;
	objects = {

/* Begin PBXBuildFile section */
		2DABDD501BA1127B00E4C703 /* main.m in Sources */ = {isa = PBXBuildFile; fileRef = 2DABDD4F1BA1127B00E4C703 /* main.m */; };
		2DABDD531BA1127B00E4C703 /* AppDelegate.m in Sources */ = {isa = PBXBuildFile; fileRef = 2DABDD521BA1127B00E4C703 /* AppDelegate.m */; };
		2DABDD591BA1127B00E4C703 /* Main.storyboard in Resources */ = {isa = PBXBuildFile; fileRef = 2DABDD571BA1127B00E4C703 /* Main.storyboard */; };
		2DABDD5B1BA1127B00E4C703 /* Images.xcassets in Resources */ = {isa = PBXBuildFile; fileRef = 2DABDD5A1BA1127B00E4C703 /* Images.xcassets */; };
		2DABDD5E1BA1127B00E4C703 /* LaunchScreen.xib in Resources */ = {isa = PBXBuildFile; fileRef = 2DABDD5C1BA1127B00E4C703 /* LaunchScreen.xib */; };
		2DABDD6A1BA1127B00E4C703 /* ios82_app_5_3Tests.m in Sources */ = {isa = PBXBuildFile; fileRef = 2DABDD691BA1127B00E4C703 /* ios82_app_5_3Tests.m */; };
		2DABDD751BA1129400E4C703 /* CoreDataManager.m in Sources */ = {isa = PBXBuildFile; fileRef = 2DABDD741BA1129400E4C703 /* CoreDataManager.m */; };
		2DABDD781BA1129F00E4C703 /* Model.xcdatamodeld in Sources */ = {isa = PBXBuildFile; fileRef = 2DABDD761BA1129F00E4C703 /* Model.xcdatamodeld */; };
		2DABDD7B1BA1133900E4C703 /* TouchEvent.m in Sources */ = {isa = PBXBuildFile; fileRef = 2DABDD7A1BA1133900E4C703 /* TouchEvent.m */; };
		2DABDD7E1BA1140500E4C703 /* RootViewController.m in Sources */ = {isa = PBXBuildFile; fileRef = 2DABDD7D1BA1140500E4C703 /* RootViewController.m */; };
		2DABDD811BA1143200E4C703 /* PlayViewController.m in Sources */ = {isa = PBXBuildFile; fileRef = 2DABDD801BA1143200E4C703 /* PlayViewController.m */; };
/* End PBXBuildFile section */

/* Begin PBXContainerItemProxy section */
		2DABDD641BA1127B00E4C703 /* PBXContainerItemProxy */ = {
			isa = PBXContainerItemProxy;
			containerPortal = 2DABDD421BA1127B00E4C703 /* Project object */;
			proxyType = 1;
			remoteGlobalIDString = 2DABDD491BA1127B00E4C703;
			remoteInfo = ios82_app_5_3;
		};
/* End PBXContainerItemProxy section */

/* Begin PBXFileReference section */
		2DABDD4A1BA1127B00E4C703 /* ios82_app_5_3.app */ = {isa = PBXFileReference; explicitFileType = wrapper.application; includeInIndex = 0; path = ios82_app_5_3.app; sourceTree = BUILT_PRODUCTS_DIR; };
		2DABDD4E1BA1127B00E4C703 /* Info.plist */ = {isa = PBXFileReference; lastKnownFileType = text.plist.xml; path = Info.plist; sourceTree = "<group>"; };
		2DABDD4F1BA1127B00E4C703 /* main.m */ = {isa = PBXFileReference; lastKnownFileType = sourcecode.c.objc; path = main.m; sourceTree = "<group>"; };
		2DABDD511BA1127B00E4C703 /* AppDelegate.h */ = {isa = PBXFileReference; lastKnownFileType = sourcecode.c.h; path = AppDelegate.h; sourceTree = "<group>"; };
		2DABDD521BA1127B00E4C703 /* AppDelegate.m */ = {isa = PBXFileReference; lastKnownFileType = sourcecode.c.objc; path = AppDelegate.m; sourceTree = "<group>"; };
		2DABDD581BA1127B00E4C703 /* Base */ = {isa = PBXFileReference; lastKnownFileType = file.storyboard; name = Base; path = Base.lproj/Main.storyboard; sourceTree = "<group>"; };
		2DABDD5A1BA1127B00E4C703 /* Images.xcassets */ = {isa = PBXFileReference; lastKnownFileType = folder.assetcatalog; path = Images.xcassets; sourceTree = "<group>"; };
		2DABDD5D1BA1127B00E4C703 /* Base */ = {isa = PBXFileReference; lastKnownFileType = file.xib; name = Base; path = Base.lproj/LaunchScreen.xib; sourceTree = "<group>"; };
		2DABDD631BA1127B00E4C703 /* ios82_app_5_3Tests.xctest */ = {isa = PBXFileReference; explicitFileType = wrapper.cfbundle; includeInIndex = 0; path = ios82_app_5_3Tests.xctest; sourceTree = BUILT_PRODUCTS_DIR; };
		2DABDD681BA1127B00E4C703 /* Info.plist */ = {isa = PBXFileReference; lastKnownFileType = text.plist.xml; path = Info.plist; sourceTree = "<group>"; };
		2DABDD691BA1127B00E4C703 /* ios82_app_5_3Tests.m */ = {isa = PBXFileReference; lastKnownFileType = sourcecode.c.objc; path = ios82_app_5_3Tests.m; sourceTree = "<group>"; };
		2DABDD731BA1129400E4C703 /* CoreDataManager.h */ = {isa = PBXFileReference; fileEncoding = 4; lastKnownFileType = sourcecode.c.h; path = CoreDataManager.h; sourceTree = "<group>"; };
		2DABDD741BA1129400E4C703 /* CoreDataManager.m */ = {isa = PBXFileReference; fileEncoding = 4; lastKnownFileType = sourcecode.c.objc; path = CoreDataManager.m; sourceTree = "<group>"; };
		2DABDD771BA1129F00E4C703 /* Model.xcdatamodel */ = {isa = PBXFileReference; lastKnownFileType = wrapper.xcdatamodel; path = Model.xcdatamodel; sourceTree = "<group>"; };
		2DABDD791BA1133900E4C703 /* TouchEvent.h */ = {isa = PBXFileReference; fileEncoding = 4; lastKnownFileType = sourcecode.c.h; path = TouchEvent.h; sourceTree = "<group>"; };
		2DABDD7A1BA1133900E4C703 /* TouchEvent.m */ = {isa = PBXFileReference; fileEncoding = 4; lastKnownFileType = sourcecode.c.objc; path = TouchEvent.m; sourceTree = "<group>"; };
		2DABDD7C1BA1140500E4C703 /* RootViewController.h */ = {isa = PBXFileReference; fileEncoding = 4; lastKnownFileType = sourcecode.c.h; path = RootViewController.h; sourceTree = "<group>"; };
		2DABDD7D1BA1140500E4C703 /* RootViewController.m */ = {isa = PBXFileReference; fileEncoding = 4; lastKnownFileType = sourcecode.c.objc; path = RootViewController.m; sourceTree = "<group>"; };
		2DABDD7F1BA1143200E4C703 /* PlayViewController.h */ = {isa = PBXFileReference; fileEncoding = 4; lastKnownFileType = sourcecode.c.h; path = PlayViewController.h; sourceTree = "<group>"; };
		2DABDD801BA1143200E4C703 /* PlayViewController.m */ = {isa = PBXFileReference; fileEncoding = 4; lastKnownFileType = sourcecode.c.objc; path = PlayViewController.m; sourceTree = "<group>"; };
/* End PBXFileReference section */

/* Begin PBXFrameworksBuildPhase section */
		2DABDD471BA1127B00E4C703 /* Frameworks */ = {
			isa = PBXFrameworksBuildPhase;
			buildActionMask = 2147483647;
			files = (
			);
			runOnlyForDeploymentPostprocessing = 0;
		};
		2DABDD601BA1127B00E4C703 /* Frameworks */ = {
			isa = PBXFrameworksBuildPhase;
			buildActionMask = 2147483647;
			files = (
			);
			runOnlyForDeploymentPostprocessing = 0;
		};
/* End PBXFrameworksBuildPhase section */

/* Begin PBXGroup section */
		2DABDD411BA1127B00E4C703 = {
			isa = PBXGroup;
			children = (
				2DABDD4C1BA1127B00E4C703 /* ios82_app_5_3 */,
				2DABDD661BA1127B00E4C703 /* ios82_app_5_3Tests */,
				2DABDD4B1BA1127B00E4C703 /* Products */,
			);
			sourceTree = "<group>";
		};
		2DABDD4B1BA1127B00E4C703 /* Products */ = {
			isa = PBXGroup;
			children = (
				2DABDD4A1BA1127B00E4C703 /* ios82_app_5_3.app */,
				2DABDD631BA1127B00E4C703 /* ios82_app_5_3Tests.xctest */,
			);
			name = Products;
			sourceTree = "<group>";
		};
		2DABDD4C1BA1127B00E4C703 /* ios82_app_5_3 */ = {
			isa = PBXGroup;
			children = (
				2DABDD731BA1129400E4C703 /* CoreDataManager.h */,
				2DABDD741BA1129400E4C703 /* CoreDataManager.m */,
				2DABDD511BA1127B00E4C703 /* AppDelegate.h */,
				2DABDD521BA1127B00E4C703 /* AppDelegate.m */,
				2DABDD761BA1129F00E4C703 /* Model.xcdatamodeld */,
				2DABDD571BA1127B00E4C703 /* Main.storyboard */,
				2DABDD791BA1133900E4C703 /* TouchEvent.h */,
				2DABDD7A1BA1133900E4C703 /* TouchEvent.m */,
				2DABDD7C1BA1140500E4C703 /* RootViewController.h */,
				2DABDD7D1BA1140500E4C703 /* RootViewController.m */,
				2DABDD7F1BA1143200E4C703 /* PlayViewController.h */,
				2DABDD801BA1143200E4C703 /* PlayViewController.m */,
				2DABDD5A1BA1127B00E4C703 /* Images.xcassets */,
				2DABDD5C1BA1127B00E4C703 /* LaunchScreen.xib */,
				2DABDD4D1BA1127B00E4C703 /* Supporting Files */,
			);
			path = ios82_app_5_3;
			sourceTree = "<group>";
		};
		2DABDD4D1BA1127B00E4C703 /* Supporting Files */ = {
			isa = PBXGroup;
			children = (
				2DABDD4E1BA1127B00E4C703 /* Info.plist */,
				2DABDD4F1BA1127B00E4C703 /* main.m */,
			);
			name = "Supporting Files";
			sourceTree = "<group>";
		};
		2DABDD661BA1127B00E4C703 /* ios82_app_5_3Tests */ = {
			isa = PBXGroup;
			children = (
				2DABDD691BA1127B00E4C703 /* ios82_app_5_3Tests.m */,
				2DABDD671BA1127B00E4C703 /* Supporting Files */,
			);
			path = ios82_app_5_3Tests;
			sourceTree = "<group>";
		};
		2DABDD671BA1127B00E4C703 /* Supporting Files */ = {
			isa = PBXGroup;
			children = (
				2DABDD681BA1127B00E4C703 /* Info.plist */,
			);
			name = "Supporting Files";
			sourceTree = "<group>";
		};
/* End PBXGroup section */

/* Begin PBXNativeTarget section */
		2DABDD491BA1127B00E4C703 /* ios82_app_5_3 */ = {
			isa = PBXNativeTarget;
			buildConfigurationList = 2DABDD6D1BA1127B00E4C703 /* Build configuration list for PBXNativeTarget "ios82_app_5_3" */;
			buildPhases = (
				2DABDD461BA1127B00E4C703 /* Sources */,
				2DABDD471BA1127B00E4C703 /* Frameworks */,
				2DABDD481BA1127B00E4C703 /* Resources */,
			);
			buildRules = (
			);
			dependencies = (
			);
			name = ios82_app_5_3;
			productName = ios82_app_5_3;
			productReference = 2DABDD4A1BA1127B00E4C703 /* ios82_app_5_3.app */;
			productType = "com.apple.product-type.application";
		};
		2DABDD621BA1127B00E4C703 /* ios82_app_5_3Tests */ = {
			isa = PBXNativeTarget;
			buildConfigurationList = 2DABDD701BA1127B00E4C703 /* Build configuration list for PBXNativeTarget "ios82_app_5_3Tests" */;
			buildPhases = (
				2DABDD5F1BA1127B00E4C703 /* Sources */,
				2DABDD601BA1127B00E4C703 /* Frameworks */,
				2DABDD611BA1127B00E4C703 /* Resources */,
			);
			buildRules = (
			);
			dependencies = (
				2DABDD651BA1127B00E4C703 /* PBXTargetDependency */,
			);
			name = ios82_app_5_3Tests;
			productName = ios82_app_5_3Tests;
			productReference = 2DABDD631BA1127B00E4C703 /* ios82_app_5_3Tests.xctest */;
			productType = "com.apple.product-type.bundle.unit-test";
		};
/* End PBXNativeTarget section */

/* Begin PBXProject section */
		2DABDD421BA1127B00E4C703 /* Project object */ = {
			isa = PBXProject;
			attributes = {
				LastUpgradeCheck = 0640;
				ORGANIZATIONNAME = "博看文思";
				TargetAttributes = {
					2DABDD491BA1127B00E4C703 = {
						CreatedOnToolsVersion = 6.4;
					};
					2DABDD621BA1127B00E4C703 = {
						CreatedOnToolsVersion = 6.4;
						TestTargetID = 2DABDD491BA1127B00E4C703;
					};
				};
			};
			buildConfigurationList = 2DABDD451BA1127B00E4C703 /* Build configuration list for PBXProject "ios82_app_5_3" */;
			compatibilityVersion = "Xcode 3.2";
			developmentRegion = English;
			hasScannedForEncodings = 0;
			knownRegions = (
				en,
				Base,
			);
			mainGroup = 2DABDD411BA1127B00E4C703;
			productRefGroup = 2DABDD4B1BA1127B00E4C703 /* Products */;
			projectDirPath = "";
			projectRoot = "";
			targets = (
				2DABDD491BA1127B00E4C703 /* ios82_app_5_3 */,
				2DABDD621BA1127B00E4C703 /* ios82_app_5_3Tests */,
			);
		};
/* End PBXProject section */

/* Begin PBXResourcesBuildPhase section */
		2DABDD481BA1127B00E4C703 /* Resources */ = {
			isa = PBXResourcesBuildPhase;
			buildActionMask = 2147483647;
			files = (
				2DABDD591BA1127B00E4C703 /* Main.storyboard in Resources */,
				2DABDD5E1BA1127B00E4C703 /* LaunchScreen.xib in Resources */,
				2DABDD5B1BA1127B00E4C703 /* Images.xcassets in Resources */,
			);
			runOnlyForDeploymentPostprocessing = 0;
		};
		2DABDD611BA1127B00E4C703 /* Resources */ = {
			isa = PBXResourcesBuildPhase;
			buildActionMask = 2147483647;
			files = (
			);
			runOnlyForDeploymentPostprocessing = 0;
		};
/* End PBXResourcesBuildPhase section */

/* Begin PBXSourcesBuildPhase section */
		2DABDD461BA1127B00E4C703 /* Sources */ = {
			isa = PBXSourcesBuildPhase;
			buildActionMask = 2147483647;
			files = (
				2DABDD531BA1127B00E4C703 /* AppDelegate.m in Sources */,
				2DABDD781BA1129F00E4C703 /* Model.xcdatamodeld in Sources */,
				2DABDD7E1BA1140500E4C703 /* RootViewController.m in Sources */,
				2DABDD7B1BA1133900E4C703 /* TouchEvent.m in Sources */,
				2DABDD751BA1129400E4C703 /* CoreDataManager.m in Sources */,
				2DABDD501BA1127B00E4C703 /* main.m in Sources */,
				2DABDD811BA1143200E4C703 /* PlayViewController.m in Sources */,
			);
			runOnlyForDeploymentPostprocessing = 0;
		};
		2DABDD5F1BA1127B00E4C703 /* Sources */ = {
			isa = PBXSourcesBuildPhase;
			buildActionMask = 2147483647;
			files = (
				2DABDD6A1BA1127B00E4C703 /* ios82_app_5_3Tests.m in Sources */,
			);
			runOnlyForDeploymentPostprocessing = 0;
		};
/* End PBXSourcesBuildPhase section */

/* Begin PBXTargetDependency section */
		2DABDD651BA1127B00E4C703 /* PBXTargetDependency */ = {
			isa = PBXTargetDependency;
			target = 2DABDD491BA1127B00E4C703 /* ios82_app_5_3 */;
			targetProxy = 2DABDD641BA1127B00E4C703 /* PBXContainerItemProxy */;
		};
/* End PBXTargetDependency section */

/* Begin PBXVariantGroup section */
		2DABDD571BA1127B00E4C703 /* Main.storyboard */ = {
			isa = PBXVariantGroup;
			children = (
				2DABDD581BA1127B00E4C703 /* Base */,
			);
			name = Main.storyboard;
			sourceTree = "<group>";
		};
		2DABDD5C1BA1127B00E4C703 /* LaunchScreen.xib */ = {
			isa = PBXVariantGroup;
			children = (
				2DABDD5D1BA1127B00E4C703 /* Base */,
			);
			name = LaunchScreen.xib;
			sourceTree = "<group>";
		};
/* End PBXVariantGroup section */

/* Begin XCBuildConfiguration section */
		2DABDD6B1BA1127B00E4C703 /* Debug */ = {
			isa = XCBuildConfiguration;
			buildSettings = {
				ALWAYS_SEARCH_USER_PATHS = NO;
				CLANG_CXX_LANGUAGE_STANDARD = "gnu++0x";
				CLANG_CXX_LIBRARY = "libc++";
				CLANG_ENABLE_MODULES = YES;
				CLANG_ENABLE_OBJC_ARC = YES;
				CLANG_WARN_BOOL_CONVERSION = YES;
				CLANG_WARN_CONSTANT_CONVERSION = YES;
				CLANG_WARN_DIRECT_OBJC_ISA_USAGE = YES_ERROR;
				CLANG_WARN_EMPTY_BODY = YES;
				CLANG_WARN_ENUM_CONVERSION = YES;
				CLANG_WARN_INT_CONVERSION = YES;
				CLANG_WARN_OBJC_ROOT_CLASS = YES_ERROR;
				CLANG_WARN_UNREACHABLE_CODE = YES;
				CLANG_WARN__DUPLICATE_METHOD_MATCH = YES;
				"CODE_SIGN_IDENTITY[sdk=iphoneos*]" = "iPhone Developer";
				COPY_PHASE_STRIP = NO;
				DEBUG_INFORMATION_FORMAT = "dwarf-with-dsym";
				ENABLE_STRICT_OBJC_MSGSEND = YES;
				GCC_C_LANGUAGE_STANDARD = gnu99;
				GCC_DYNAMIC_NO_PIC = NO;
				GCC_NO_COMMON_BLOCKS = YES;
				GCC_OPTIMIZATION_LEVEL = 0;
				GCC_PREPROCESSOR_DEFINITIONS = (
					"DEBUG=1",
					"$(inherited)",
				);
				GCC_SYMBOLS_PRIVATE_EXTERN = NO;
				GCC_WARN_64_TO_32_BIT_CONVERSION = YES;
				GCC_WARN_ABOUT_RETURN_TYPE = YES_ERROR;
				GCC_WARN_UNDECLARED_SELECTOR = YES;
				GCC_WARN_UNINITIALIZED_AUTOS = YES_AGGRESSIVE;
				GCC_WARN_UNUSED_FUNCTION = YES;
				GCC_WARN_UNUSED_VARIABLE = YES;
				IPHONEOS_DEPLOYMENT_TARGET = 8.4;
				MTL_ENABLE_DEBUG_INFO = YES;
				ONLY_ACTIVE_ARCH = YES;
				SDKROOT = iphoneos;
			};
			name = Debug;
		};
		2DABDD6C1BA1127B00E4C703 /* Release */ = {
			isa = XCBuildConfiguration;
			buildSettings = {
				ALWAYS_SEARCH_USER_PATHS = NO;
				CLANG_CXX_LANGUAGE_STANDARD = "gnu++0x";
				CLANG_CXX_LIBRARY = "libc++";
				CLANG_ENABLE_MODULES = YES;
				CLANG_ENABLE_OBJC_ARC = YES;
				CLANG_WARN_BOOL_CONVERSION = YES;
				CLANG_WARN_CONSTANT_CONVERSION = YES;
				CLANG_WARN_DIRECT_OBJC_ISA_USAGE = YES_ERROR;
				CLANG_WARN_EMPTY_BODY = YES;
				CLANG_WARN_ENUM_CONVERSION = YES;
				CLANG_WARN_INT_CONVERSION = YES;
				CLANG_WARN_OBJC_ROOT_CLASS = YES_ERROR;
				CLANG_WARN_UNREACHABLE_CODE = YES;
				CLANG_WARN__DUPLICATE_METHOD_MATCH = YES;
				"CODE_SIGN_IDENTITY[sdk=iphoneos*]" = "iPhone Developer";
				COPY_PHASE_STRIP = NO;
				DEBUG_INFORMATION_FORMAT = "dwarf-with-dsym";
				ENABLE_NS_ASSERTIONS = NO;
				ENABLE_STRICT_OBJC_MSGSEND = YES;
				GCC_C_LANGUAGE_STANDARD = gnu99;
				GCC_NO_COMMON_BLOCKS = YES;
				GCC_WARN_64_TO_32_BIT_CONVERSION = YES;
				GCC_WARN_ABOUT_RETURN_TYPE = YES_ERROR;
				GCC_WARN_UNDECLARED_SELECTOR = YES;
				GCC_WARN_UNINITIALIZED_AUTOS = YES_AGGRESSIVE;
				GCC_WARN_UNUSED_FUNCTION = YES;
				GCC_WARN_UNUSED_VARIABLE = YES;
				IPHONEOS_DEPLOYMENT_TARGET = 8.4;
				MTL_ENABLE_DEBUG_INFO = NO;
				SDKROOT = iphoneos;
				VALIDATE_PRODUCT = YES;
			};
			name = Release;
		};
		2DABDD6E1BA1127B00E4C703 /* Debug */ = {
			isa = XCBuildConfiguration;
			buildSettings = {
				ASSETCATALOG_COMPILER_APPICON_NAME = AppIcon;
				INFOPLIST_FILE = ios82_app_5_3/Info.plist;
				LD_RUNPATH_SEARCH_PATHS = "$(inherited) @executable_path/Frameworks";
				PRODUCT_NAME = "$(TARGET_NAME)";
			};
			name = Debug;
		};
		2DABDD6F1BA1127B00E4C703 /* Release */ = {
			isa = XCBuildConfiguration;
			buildSettings = {
				ASSETCATALOG_COMPILER_APPICON_NAME = AppIcon;
				INFOPLIST_FILE = ios82_app_5_3/Info.plist;
				LD_RUNPATH_SEARCH_PATHS = "$(inherited) @executable_path/Frameworks";
				PRODUCT_NAME = "$(TARGET_NAME)";
			};
			name = Release;
		};
		2DABDD711BA1127B00E4C703 /* Debug */ = {
			isa = XCBuildConfiguration;
			buildSettings = {
				BUNDLE_LOADER = "$(TEST_HOST)";
				FRAMEWORK_SEARCH_PATHS = (
					"$(SDKROOT)/Developer/Library/Frameworks",
					"$(inherited)",
				);
				GCC_PREPROCESSOR_DEFINITIONS = (
					"DEBUG=1",
					"$(inherited)",
				);
				INFOPLIST_FILE = ios82_app_5_3Tests/Info.plist;
				LD_RUNPATH_SEARCH_PATHS = "$(inherited) @executable_path/Frameworks @loader_path/Frameworks";
				PRODUCT_NAME = "$(TARGET_NAME)";
				TEST_HOST = "$(BUILT_PRODUCTS_DIR)/ios82_app_5_3.app/ios82_app_5_3";
			};
			name = Debug;
		};
		2DABDD721BA1127B00E4C703 /* Release */ = {
			isa = XCBuildConfiguration;
			buildSettings = {
				BUNDLE_LOADER = "$(TEST_HOST)";
				FRAMEWORK_SEARCH_PATHS = (
					"$(SDKROOT)/Developer/Library/Frameworks",
					"$(inherited)",
				);
				INFOPLIST_FILE = ios82_app_5_3Tests/Info.plist;
				LD_RUNPATH_SEARCH_PATHS = "$(inherited) @executable_path/Frameworks @loader_path/Frameworks";
				PRODUCT_NAME = "$(TARGET_NAME)";
				TEST_HOST = "$(BUILT_PRODUCTS_DIR)/ios82_app_5_3.app/ios82_app_5_3";
			};
			name = Release;
		};
/* End XCBuildConfiguration section */

/* Begin XCConfigurationList section */
		2DABDD451BA1127B00E4C703 /* Build configuration list for PBXProject "ios82_app_5_3" */ = {
			isa = XCConfigurationList;
			buildConfigurations = (
				2DABDD6B1BA1127B00E4C703 /* Debug */,
				2DABDD6C1BA1127B00E4C703 /* Release */,
			);
			defaultConfigurationIsVisible = 0;
			defaultConfigurationName = Release;
		};
		2DABDD6D1BA1127B00E4C703 /* Build configuration list for PBXNativeTarget "ios82_app_5_3" */ = {
			isa = XCConfigurationList;
			buildConfigurations = (
				2DABDD6E1BA1127B00E4C703 /* Debug */,
				2DABDD6F1BA1127B00E4C703 /* Release */,
			);
			defaultConfigurationIsVisible = 0;
		};
		2DABDD701BA1127B00E4C703 /* Build configuration list for PBXNativeTarget "ios82_app_5_3Tests" */ = {
			isa = XCConfigurationList;
			buildConfigurations = (
				2DABDD711BA1127B00E4C703 /* Debug */,
				2DABDD721BA1127B00E4C703 /* Release */,
			);
			defaultConfigurationIsVisible = 0;
		};
/* End XCConfigurationList section */

/* Begin XCVersionGroup section */
		2DABDD761BA1129F00E4C703 /* Model.xcdatamodeld */ = {
			isa = XCVersionGroup;
			children = (
				2DABDD771BA1129F00E4C703 /* Model.xcdatamodel */,
			);
			currentVersion = 2DABDD771BA1129F00E4C703 /* Model.xcdatamodel */;
			path = Model.xcdatamodeld;
			sourceTree = "<group>";
			versionGroupType = wrapper.xcdatamodel;
		};
/* End XCVersionGroup section */
	};
	rootObject = 2DABDD421BA1127B00E4C703 /* Project object */;
}
